// !$*UTF8*$!
{
	archiveVersion = 1;
	classes = {
	};
	objectVersion = 56;
	objects = {

/* Begin PBXBuildFile section */
		38350BF62B53F73A00DD52B3 /* dylib_dobby_hook.h in Headers */ = {isa = PBXBuildFile; fileRef = 38350BF52B53F73A00DD52B3 /* dylib_dobby_hook.h */; };
		38350BF82B53F73A00DD52B3 /* dylib_dobby_hook.m in Sources */ = {isa = PBXBuildFile; fileRef = 38350BF72B53F73A00DD52B3 /* dylib_dobby_hook.m */; };
		38350C002B53F77E00DD52B3 /* libdobby.dylib in Frameworks */ = {isa = PBXBuildFile; fileRef = 38350BFF2B53F77E00DD52B3 /* libdobby.dylib */; };
		38350C022B53F78900DD52B3 /* dobby.h in Headers */ = {isa = PBXBuildFile; fileRef = 38350C012B53F78900DD52B3 /* dobby.h */; };
		38350C042B53F87200DD52B3 /* libdobby.dylib in CopyFiles */ = {isa = PBXBuildFile; fileRef = 38350BFF2B53F77E00DD52B3 /* libdobby.dylib */; settings = {ATTRIBUTES = (CodeSignOnCopy, ); }; };
		38D1AC282B54C9C100E6CB9E /* Constant.h in Headers */ = {isa = PBXBuildFile; fileRef = 38D1AC272B54C9C100E6CB9E /* Constant.h */; };
		38D1AC2A2B54CA4D00E6CB9E /* Constant.m in Sources */ = {isa = PBXBuildFile; fileRef = 38D1AC292B54CA4D00E6CB9E /* Constant.m */; };
		38D1AC2C2B54D03B00E6CB9E /* HackProtocol.h in Headers */ = {isa = PBXBuildFile; fileRef = 38D1AC2B2B54D03B00E6CB9E /* HackProtocol.h */; };
		38D1AC302B54D16100E6CB9E /* AirBuddyHack.h in Headers */ = {isa = PBXBuildFile; fileRef = 38D1AC2F2B54D16100E6CB9E /* AirBuddyHack.h */; };
		38D1AC322B54D1CC00E6CB9E /* AirBuddyHack.m in Sources */ = {isa = PBXBuildFile; fileRef = 38D1AC312B54D1CC00E6CB9E /* AirBuddyHack.m */; };
/* End PBXBuildFile section */

/* Begin PBXCopyFilesBuildPhase section */
		38350C032B53F86A00DD52B3 /* CopyFiles */ = {
			isa = PBXCopyFilesBuildPhase;
			buildActionMask = 2147483647;
			dstPath = "";
			dstSubfolderSpec = 10;
			files = (
				38350C042B53F87200DD52B3 /* libdobby.dylib in CopyFiles */,
			);
			runOnlyForDeploymentPostprocessing = 0;
		};
/* End PBXCopyFilesBuildPhase section */

/* Begin PBXFileReference section */
		38350BF22B53F73A00DD52B3 /* libdylib_dobby_hook.dylib */ = {isa = PBXFileReference; explicitFileType = "compiled.mach-o.dylib"; includeInIndex = 0; path = libdylib_dobby_hook.dylib; sourceTree = BUILT_PRODUCTS_DIR; };
		38350BF52B53F73A00DD52B3 /* dylib_dobby_hook.h */ = {isa = PBXFileReference; lastKnownFileType = sourcecode.c.h; path = dylib_dobby_hook.h; sourceTree = "<group>"; };
		38350BF72B53F73A00DD52B3 /* dylib_dobby_hook.m */ = {isa = PBXFileReference; lastKnownFileType = sourcecode.c.objc; path = dylib_dobby_hook.m; sourceTree = "<group>"; };
		38350BFF2B53F77E00DD52B3 /* libdobby.dylib */ = {isa = PBXFileReference; lastKnownFileType = "compiled.mach-o.dylib"; path = libdobby.dylib; sourceTree = "<group>"; };
		38350C012B53F78900DD52B3 /* dobby.h */ = {isa = PBXFileReference; fileEncoding = 4; lastKnownFileType = sourcecode.c.h; path = dobby.h; sourceTree = "<group>"; };
		38350C072B53F96100DD52B3 /* insert_dylib */ = {isa = PBXFileReference; lastKnownFileType = "compiled.mach-o.executable"; path = insert_dylib; sourceTree = "<group>"; };
		38350C092B54047F00DD52B3 /* hack.sh */ = {isa = PBXFileReference; lastKnownFileType = text.script.sh; path = hack.sh; sourceTree = "<group>"; };
		38350C0C2B5407DD00DD52B3 /* libdobby.dylib */ = {isa = PBXFileReference; lastKnownFileType = "compiled.mach-o.dylib"; path = libdobby.dylib; sourceTree = "<group>"; };
		38350C0D2B5407DD00DD52B3 /* libdylib_dobby_hook.dylib */ = {isa = PBXFileReference; lastKnownFileType = "compiled.mach-o.dylib"; path = libdylib_dobby_hook.dylib; sourceTree = "<group>"; };
		38D1AC272B54C9C100E6CB9E /* Constant.h */ = {isa = PBXFileReference; lastKnownFileType = sourcecode.c.h; path = Constant.h; sourceTree = "<group>"; };
		38D1AC292B54CA4D00E6CB9E /* Constant.m */ = {isa = PBXFileReference; lastKnownFileType = sourcecode.c.objc; path = Constant.m; sourceTree = "<group>"; };
		38D1AC2B2B54D03B00E6CB9E /* HackProtocol.h */ = {isa = PBXFileReference; lastKnownFileType = sourcecode.c.h; path = HackProtocol.h; sourceTree = "<group>"; };
		38D1AC2F2B54D16100E6CB9E /* AirBuddyHack.h */ = {isa = PBXFileReference; lastKnownFileType = sourcecode.c.h; path = AirBuddyHack.h; sourceTree = "<group>"; };
		38D1AC312B54D1CC00E6CB9E /* AirBuddyHack.m */ = {isa = PBXFileReference; lastKnownFileType = sourcecode.c.objc; path = AirBuddyHack.m; sourceTree = "<group>"; };
/* End PBXFileReference section */

/* Begin PBXFrameworksBuildPhase section */
		38350BF02B53F73A00DD52B3 /* Frameworks */ = {
			isa = PBXFrameworksBuildPhase;
			buildActionMask = 2147483647;
			files = (
				38350C002B53F77E00DD52B3 /* libdobby.dylib in Frameworks */,
			);
			runOnlyForDeploymentPostprocessing = 0;
		};
/* End PBXFrameworksBuildPhase section */

/* Begin PBXGroup section */
		38350BE92B53F73A00DD52B3 = {
			isa = PBXGroup;
			children = (
				38350C0B2B5407CD00DD52B3 /* release */,
				38350C082B54047F00DD52B3 /* script */,
				38350C062B53F93D00DD52B3 /* tools */,
				38350BFE2B53F76800DD52B3 /* libs */,
				38350BF42B53F73A00DD52B3 /* dylib_dobby_hook */,
				38350BF32B53F73A00DD52B3 /* Products */,
			);
			sourceTree = "<group>";
		};
		38350BF32B53F73A00DD52B3 /* Products */ = {
			isa = PBXGroup;
			children = (
				38350BF22B53F73A00DD52B3 /* libdylib_dobby_hook.dylib */,
			);
			name = Products;
			sourceTree = "<group>";
		};
		38350BF42B53F73A00DD52B3 /* dylib_dobby_hook */ = {
			isa = PBXGroup;
			children = (
				38350BF52B53F73A00DD52B3 /* dylib_dobby_hook.h */,
				38350BF72B53F73A00DD52B3 /* dylib_dobby_hook.m */,
				38350C012B53F78900DD52B3 /* dobby.h */,
				38D1AC272B54C9C100E6CB9E /* Constant.h */,
				38D1AC292B54CA4D00E6CB9E /* Constant.m */,
				38D1AC2B2B54D03B00E6CB9E /* HackProtocol.h */,
				38D1AC2F2B54D16100E6CB9E /* AirBuddyHack.h */,
				38D1AC312B54D1CC00E6CB9E /* AirBuddyHack.m */,
			);
			path = dylib_dobby_hook;
			sourceTree = "<group>";
		};
		38350BFE2B53F76800DD52B3 /* libs */ = {
			isa = PBXGroup;
			children = (
				38350BFF2B53F77E00DD52B3 /* libdobby.dylib */,
			);
			path = libs;
			sourceTree = "<group>";
		};
		38350C062B53F93D00DD52B3 /* tools */ = {
			isa = PBXGroup;
			children = (
				38350C072B53F96100DD52B3 /* insert_dylib */,
			);
			path = tools;
			sourceTree = "<group>";
		};
		38350C082B54047F00DD52B3 /* script */ = {
			isa = PBXGroup;
			children = (
				38350C092B54047F00DD52B3 /* hack.sh */,
			);
			path = script;
			sourceTree = "<group>";
		};
		38350C0B2B5407CD00DD52B3 /* release */ = {
			isa = PBXGroup;
			children = (
				38350C0C2B5407DD00DD52B3 /* libdobby.dylib */,
				38350C0D2B5407DD00DD52B3 /* libdylib_dobby_hook.dylib */,
			);
			path = release;
			sourceTree = "<group>";
		};
/* End PBXGroup section */

/* Begin PBXHeadersBuildPhase section */
		38350BEE2B53F73A00DD52B3 /* Headers */ = {
			isa = PBXHeadersBuildPhase;
			buildActionMask = 2147483647;
			files = (
				38350BF62B53F73A00DD52B3 /* dylib_dobby_hook.h in Headers */,
				38350C022B53F78900DD52B3 /* dobby.h in Headers */,
				38D1AC282B54C9C100E6CB9E /* Constant.h in Headers */,
				38D1AC2C2B54D03B00E6CB9E /* HackProtocol.h in Headers */,
				38D1AC302B54D16100E6CB9E /* AirBuddyHack.h in Headers */,
			);
			runOnlyForDeploymentPostprocessing = 0;
		};
/* End PBXHeadersBuildPhase section */

/* Begin PBXNativeTarget section */
		38350BF12B53F73A00DD52B3 /* dylib_dobby_hook */ = {
			isa = PBXNativeTarget;
			buildConfigurationList = 38350BFB2B53F73A00DD52B3 /* Build configuration list for PBXNativeTarget "dylib_dobby_hook" */;
			buildPhases = (
				38350C052B53F90300DD52B3 /* Run Script */,
				38350BEE2B53F73A00DD52B3 /* Headers */,
				38350BEF2B53F73A00DD52B3 /* Sources */,
				38350BF02B53F73A00DD52B3 /* Frameworks */,
				38350C032B53F86A00DD52B3 /* CopyFiles */,
			);
			buildRules = (
			);
			dependencies = (
			);
			name = dylib_dobby_hook;
			productName = dylib_dobby_hook;
			productReference = 38350BF22B53F73A00DD52B3 /* libdylib_dobby_hook.dylib */;
			productType = "com.apple.product-type.library.dynamic";
		};
/* End PBXNativeTarget section */

/* Begin PBXProject section */
		38350BEA2B53F73A00DD52B3 /* Project object */ = {
			isa = PBXProject;
			attributes = {
				BuildIndependentTargetsInParallel = 1;
				LastUpgradeCheck = 1520;
				TargetAttributes = {
					38350BF12B53F73A00DD52B3 = {
						CreatedOnToolsVersion = 15.2;
					};
				};
			};
			buildConfigurationList = 38350BED2B53F73A00DD52B3 /* Build configuration list for PBXProject "dylib_dobby_hook" */;
			compatibilityVersion = "Xcode 14.0";
			developmentRegion = en;
			hasScannedForEncodings = 0;
			knownRegions = (
				en,
				Base,
			);
			mainGroup = 38350BE92B53F73A00DD52B3;
			productRefGroup = 38350BF32B53F73A00DD52B3 /* Products */;
			projectDirPath = "";
			projectRoot = "";
			targets = (
				38350BF12B53F73A00DD52B3 /* dylib_dobby_hook */,
			);
		};
/* End PBXProject section */

/* Begin PBXShellScriptBuildPhase section */
		38350C052B53F90300DD52B3 /* Run Script */ = {
			isa = PBXShellScriptBuildPhase;
			buildActionMask = 2147483647;
			files = (
			);
			inputFileListPaths = (
			);
			inputPaths = (
			);
			name = "Run Script";
			outputFileListPaths = (
			);
			outputPaths = (
			);
			runOnlyForDeploymentPostprocessing = 0;
			shellPath = /bin/sh;
			shellScript = "app_name=\"AirBuddy\"\n\ndylib_name=\"${PRODUCT_NAME}\"\nprefix=\"lib\"\n\ninsert_dylib=\"${SRCROOT}/tools/insert_dylib\"\n\napp_bundle_path=\"/Applications/${app_name}.app/Contents/MacOS/\"\n\ncp -f \"${insert_dylib}\" \"${app_bundle_path}/\"   \n\napp_bundle_framework=\"/Applications/${app_name}.app/Contents/Frameworks\"\napp_executable_path=\"${app_bundle_path}/${app_name}\"\napp_executable_backup_path=\"${app_executable_path}_Backup\"\n\n\nif [ ! -f \"$app_executable_backup_path\" ]; \nthen\n    cp \"$app_executable_path\" \"$app_executable_backup_path\"\nfi\n\ncp -R \"${BUILT_PRODUCTS_DIR}/${prefix}${dylib_name}.dylib\" ${app_bundle_framework}\n\n\n\"${app_bundle_path}/insert_dylib\" --weak --all-yes \"@rpath/${prefix}${dylib_name}.dylib\" \"$app_executable_backup_path\" \"$app_executable_path\"\n";
		};
/* End PBXShellScriptBuildPhase section */

/* Begin PBXSourcesBuildPhase section */
		38350BEF2B53F73A00DD52B3 /* Sources */ = {
			isa = PBXSourcesBuildPhase;
			buildActionMask = 2147483647;
			files = (
				38D1AC322B54D1CC00E6CB9E /* AirBuddyHack.m in Sources */,
				38350BF82B53F73A00DD52B3 /* dylib_dobby_hook.m in Sources */,
				38D1AC2A2B54CA4D00E6CB9E /* Constant.m in Sources */,
			);
			runOnlyForDeploymentPostprocessing = 0;
		};
/* End PBXSourcesBuildPhase section */

/* Begin XCBuildConfiguration section */
		38350BF92B53F73A00DD52B3 /* Debug */ = {
			isa = XCBuildConfiguration;
			buildSettings = {
				ALWAYS_SEARCH_USER_PATHS = NO;
				ASSETCATALOG_COMPILER_GENERATE_SWIFT_ASSET_SYMBOL_EXTENSIONS = YES;
				CLANG_ANALYZER_NONNULL = YES;
				CLANG_ANALYZER_NUMBER_OBJECT_CONVERSION = YES_AGGRESSIVE;
				CLANG_CXX_LANGUAGE_STANDARD = "gnu++20";
				CLANG_ENABLE_MODULES = YES;
				CLANG_ENABLE_OBJC_ARC = YES;
				CLANG_ENABLE_OBJC_WEAK = YES;
				CLANG_WARN_BLOCK_CAPTURE_AUTORELEASING = YES;
				CLANG_WARN_BOOL_CONVERSION = YES;
				CLANG_WARN_COMMA = YES;
				CLANG_WARN_CONSTANT_CONVERSION = YES;
				CLANG_WARN_DEPRECATED_OBJC_IMPLEMENTATIONS = YES;
				CLANG_WARN_DIRECT_OBJC_ISA_USAGE = YES_ERROR;
				CLANG_WARN_DOCUMENTATION_COMMENTS = YES;
				CLANG_WARN_EMPTY_BODY = YES;
				CLANG_WARN_ENUM_CONVERSION = YES;
				CLANG_WARN_INFINITE_RECURSION = YES;
				CLANG_WARN_INT_CONVERSION = YES;
				CLANG_WARN_NON_LITERAL_NULL_CONVERSION = YES;
				CLANG_WARN_OBJC_IMPLICIT_RETAIN_SELF = YES;
				CLANG_WARN_OBJC_LITERAL_CONVERSION = YES;
				CLANG_WARN_OBJC_ROOT_CLASS = YES_ERROR;
				CLANG_WARN_QUOTED_INCLUDE_IN_FRAMEWORK_HEADER = YES;
				CLANG_WARN_RANGE_LOOP_ANALYSIS = YES;
				CLANG_WARN_STRICT_PROTOTYPES = YES;
				CLANG_WARN_SUSPICIOUS_MOVE = YES;
				CLANG_WARN_UNGUARDED_AVAILABILITY = YES_AGGRESSIVE;
				CLANG_WARN_UNREACHABLE_CODE = YES;
				CLANG_WARN__DUPLICATE_METHOD_MATCH = YES;
				COPY_PHASE_STRIP = NO;
				DEBUG_INFORMATION_FORMAT = dwarf;
				ENABLE_STRICT_OBJC_MSGSEND = YES;
				ENABLE_TESTABILITY = YES;
				ENABLE_USER_SCRIPT_SANDBOXING = NO;
				GCC_C_LANGUAGE_STANDARD = gnu17;
				GCC_DYNAMIC_NO_PIC = NO;
				GCC_NO_COMMON_BLOCKS = YES;
				GCC_OPTIMIZATION_LEVEL = 0;
				GCC_PREPROCESSOR_DEFINITIONS = (
					"DEBUG=1",
					"$(inherited)",
				);
				GCC_WARN_64_TO_32_BIT_CONVERSION = YES;
				GCC_WARN_ABOUT_RETURN_TYPE = YES_ERROR;
				GCC_WARN_UNDECLARED_SELECTOR = YES;
				GCC_WARN_UNINITIALIZED_AUTOS = YES_AGGRESSIVE;
				GCC_WARN_UNUSED_FUNCTION = YES;
				GCC_WARN_UNUSED_VARIABLE = YES;
				"LD_RUNPATH_SEARCH_PATHS[arch=*]" = "";
				LOCALIZATION_PREFERS_STRING_CATALOGS = YES;
				MACOSX_DEPLOYMENT_TARGET = 14.2;
				MTL_ENABLE_DEBUG_INFO = INCLUDE_SOURCE;
				MTL_FAST_MATH = YES;
				ONLY_ACTIVE_ARCH = NO;
				SDKROOT = macosx;
			};
			name = Debug;
		};
		38350BFA2B53F73A00DD52B3 /* Release */ = {
			isa = XCBuildConfiguration;
			buildSettings = {
				ALWAYS_SEARCH_USER_PATHS = NO;
				ASSETCATALOG_COMPILER_GENERATE_SWIFT_ASSET_SYMBOL_EXTENSIONS = YES;
				CLANG_ANALYZER_NONNULL = YES;
				CLANG_ANALYZER_NUMBER_OBJECT_CONVERSION = YES_AGGRESSIVE;
				CLANG_CXX_LANGUAGE_STANDARD = "gnu++20";
				CLANG_ENABLE_MODULES = YES;
				CLANG_ENABLE_OBJC_ARC = YES;
				CLANG_ENABLE_OBJC_WEAK = YES;
				CLANG_WARN_BLOCK_CAPTURE_AUTORELEASING = YES;
				CLANG_WARN_BOOL_CONVERSION = YES;
				CLANG_WARN_COMMA = YES;
				CLANG_WARN_CONSTANT_CONVERSION = YES;
				CLANG_WARN_DEPRECATED_OBJC_IMPLEMENTATIONS = YES;
				CLANG_WARN_DIRECT_OBJC_ISA_USAGE = YES_ERROR;
				CLANG_WARN_DOCUMENTATION_COMMENTS = YES;
				CLANG_WARN_EMPTY_BODY = YES;
				CLANG_WARN_ENUM_CONVERSION = YES;
				CLANG_WARN_INFINITE_RECURSION = YES;
				CLANG_WARN_INT_CONVERSION = YES;
				CLANG_WARN_NON_LITERAL_NULL_CONVERSION = YES;
				CLANG_WARN_OBJC_IMPLICIT_RETAIN_SELF = YES;
				CLANG_WARN_OBJC_LITERAL_CONVERSION = YES;
				CLANG_WARN_OBJC_ROOT_CLASS = YES_ERROR;
				CLANG_WARN_QUOTED_INCLUDE_IN_FRAMEWORK_HEADER = YES;
				CLANG_WARN_RANGE_LOOP_ANALYSIS = YES;
				CLANG_WARN_STRICT_PROTOTYPES = YES;
				CLANG_WARN_SUSPICIOUS_MOVE = YES;
				CLANG_WARN_UNGUARDED_AVAILABILITY = YES_AGGRESSIVE;
				CLANG_WARN_UNREACHABLE_CODE = YES;
				CLANG_WARN__DUPLICATE_METHOD_MATCH = YES;
				COPY_PHASE_STRIP = NO;
				DEBUG_INFORMATION_FORMAT = "dwarf-with-dsym";
				ENABLE_NS_ASSERTIONS = NO;
				ENABLE_STRICT_OBJC_MSGSEND = YES;
				ENABLE_USER_SCRIPT_SANDBOXING = NO;
				GCC_C_LANGUAGE_STANDARD = gnu17;
				GCC_NO_COMMON_BLOCKS = YES;
				GCC_OPTIMIZATION_LEVEL = 0;
				GCC_WARN_64_TO_32_BIT_CONVERSION = YES;
				GCC_WARN_ABOUT_RETURN_TYPE = YES_ERROR;
				GCC_WARN_UNDECLARED_SELECTOR = YES;
				GCC_WARN_UNINITIALIZED_AUTOS = YES_AGGRESSIVE;
				GCC_WARN_UNUSED_FUNCTION = YES;
				GCC_WARN_UNUSED_VARIABLE = YES;
				LOCALIZATION_PREFERS_STRING_CATALOGS = YES;
				MACOSX_DEPLOYMENT_TARGET = 14.2;
				MTL_ENABLE_DEBUG_INFO = NO;
				MTL_FAST_MATH = YES;
				SDKROOT = macosx;
			};
			name = Release;
		};
		38350BFC2B53F73A00DD52B3 /* Debug */ = {
			isa = XCBuildConfiguration;
			buildSettings = {
				CODE_SIGN_STYLE = Automatic;
				DYLIB_COMPATIBILITY_VERSION = 1;
				DYLIB_CURRENT_VERSION = 1;
				EXECUTABLE_PREFIX = lib;
				"LD_RUNPATH_SEARCH_PATHS[arch=*]" = "@executable_path/";
				LIBRARY_SEARCH_PATHS = (
					"$(inherited)",
					"$(PROJECT_DIR)/libs",
				);
				PRODUCT_NAME = "$(TARGET_NAME)";
				SKIP_INSTALL = YES;
			};
			name = Debug;
		};
		38350BFD2B53F73A00DD52B3 /* Release */ = {
			isa = XCBuildConfiguration;
			buildSettings = {
				CODE_SIGN_STYLE = Automatic;
				DYLIB_COMPATIBILITY_VERSION = 1;
				DYLIB_CURRENT_VERSION = 1;
				EXECUTABLE_PREFIX = lib;
				"LD_RUNPATH_SEARCH_PATHS[arch=*]" = "@executable_path/";
				LIBRARY_SEARCH_PATHS = (
					"$(inherited)",
					"$(PROJECT_DIR)/libs",
				);
				ONLY_ACTIVE_ARCH = NO;
				PRODUCT_NAME = "$(TARGET_NAME)";
				SKIP_INSTALL = YES;
			};
			name = Release;
		};
/* End XCBuildConfiguration section */

/* Begin XCConfigurationList section */
		38350BED2B53F73A00DD52B3 /* Build configuration list for PBXProject "dylib_dobby_hook" */ = {
			isa = XCConfigurationList;
			buildConfigurations = (
				38350BF92B53F73A00DD52B3 /* Debug */,
				38350BFA2B53F73A00DD52B3 /* Release */,
			);
			defaultConfigurationIsVisible = 0;
			defaultConfigurationName = Release;
		};
		38350BFB2B53F73A00DD52B3 /* Build configuration list for PBXNativeTarget "dylib_dobby_hook" */ = {
			isa = XCConfigurationList;
			buildConfigurations = (
				38350BFC2B53F73A00DD52B3 /* Debug */,
				38350BFD2B53F73A00DD52B3 /* Release */,
			);
			defaultConfigurationIsVisible = 0;
			defaultConfigurationName = Release;
		};
/* End XCConfigurationList section */
	};
	rootObject = 38350BEA2B53F73A00DD52B3 /* Project object */;
}
