// !$*UTF8*$!
{
	archiveVersion = 1;
	classes = {
	};
	objectVersion = 56;
	objects = {

/* Begin PBXBuildFile section */
		3816BBB72B54FED80051CF39 /* MemoryUtils.h in Headers */ = {isa = PBXBuildFile; fileRef = 3816BBB62B54FED80051CF39 /* MemoryUtils.h */; };
		3816BBB92B54FF090051CF39 /* MemoryUtils.m in Sources */ = {isa = PBXBuildFile; fileRef = 3816BBB82B54FF090051CF39 /* MemoryUtils.m */; };
		381F420A2BFC9F8E00E357AE /* libtinyhook.a in Frameworks */ = {isa = PBXBuildFile; fileRef = 381F42092BFC9F8E00E357AE /* libtinyhook.a */; };
		381F420E2BFC9FBF00E357AE /* libc++.tbd in Frameworks */ = {isa = PBXBuildFile; fileRef = 381F420D2BFC9FB900E357AE /* libc++.tbd */; };
		382A25862B6918DF0083F28C /* PasteHack.m in Sources */ = {isa = PBXBuildFile; fileRef = 382A25842B6918DF0083F28C /* PasteHack.m */; };
		38350BF62B53F73A00DD52B3 /* dylib_dobby_hook.h in Headers */ = {isa = PBXBuildFile; fileRef = 38350BF52B53F73A00DD52B3 /* dylib_dobby_hook.h */; };
		38350BF82B53F73A00DD52B3 /* dylib_dobby_hook.m in Sources */ = {isa = PBXBuildFile; fileRef = 38350BF72B53F73A00DD52B3 /* dylib_dobby_hook.m */; };
		38350C022B53F78900DD52B3 /* tinyhook.h in Headers */ = {isa = PBXBuildFile; fileRef = 38350C012B53F78900DD52B3 /* tinyhook.h */; };
		38B83E312B5505B300919735 /* TablePlusHack.m in Sources */ = {isa = PBXBuildFile; fileRef = 38B83E302B5505B300919735 /* TablePlusHack.m */; };
		38D1AC282B54C9C100E6CB9E /* Constant.h in Headers */ = {isa = PBXBuildFile; fileRef = 38D1AC272B54C9C100E6CB9E /* Constant.h */; };
		38D1AC2A2B54CA4D00E6CB9E /* Constant.m in Sources */ = {isa = PBXBuildFile; fileRef = 38D1AC292B54CA4D00E6CB9E /* Constant.m */; };
		38D1AC2C2B54D03B00E6CB9E /* HackProtocol.h in Headers */ = {isa = PBXBuildFile; fileRef = 38D1AC2B2B54D03B00E6CB9E /* HackProtocol.h */; };
		9C99D64B2CB6CEF100B8A6D7 /* iStat7Hack.m in Sources */ = {isa = PBXBuildFile; fileRef = 9C99D64A2CB6CEF100B8A6D7 /* iStat7Hack.m */; };
		9CE4C5CE2CCA7AC400593C78 /* ShottrHack.m in Sources */ = {isa = PBXBuildFile; fileRef = 9CE4C5CD2CCA7AC400593C78 /* ShottrHack.m */; };
		9CE4C5D12CCA7C3600593C78 /* JSONUtils.m in Sources */ = {isa = PBXBuildFile; fileRef = 9CE4C5D02CCA7C3600593C78 /* JSONUtils.m */; };
		9CE4C5D22CCA7C3600593C78 /* JSONUtils.h in Headers */ = {isa = PBXBuildFile; fileRef = 9CE4C5CF2CCA7C3600593C78 /* JSONUtils.h */; };
		B50E935E2BBD024F0073FEAA /* PaddleBaseHack.m in Sources */ = {isa = PBXBuildFile; fileRef = B50E935D2BBD024F0073FEAA /* PaddleBaseHack.m */; };
		B513ADD72CB95D0B00F5DC97 /* LocalizationManager.h in Headers */ = {isa = PBXBuildFile; fileRef = B513ADD62CB95D0B00F5DC97 /* LocalizationManager.h */; };
		B513ADD92CB95D4100F5DC97 /* LocalizationManager.m in Sources */ = {isa = PBXBuildFile; fileRef = B513ADD82CB95D4100F5DC97 /* LocalizationManager.m */; };
		B52BBA842CBFE1CE00F098A9 /* AirBuddyHack.m in Sources */ = {isa = PBXBuildFile; fileRef = B52BBA832CBFE1CE00F098A9 /* AirBuddyHack.m */; };
		B53522462C2FE4D4001CA305 /* MacUpdaterHack.m in Sources */ = {isa = PBXBuildFile; fileRef = B53522452C2FE4D4001CA305 /* MacUpdaterHack.m */; };
		B53F9DED2C4AA4EC00A6B32D /* CleanShotXHack.m in Sources */ = {isa = PBXBuildFile; fileRef = B53F9DEC2C4AA4EC00A6B32D /* CleanShotXHack.m */; };
		B546A6582BC4F0CD0012338D /* ProxyManHack.m in Sources */ = {isa = PBXBuildFile; fileRef = B546A6572BC4F0CD0012338D /* ProxyManHack.m */; };
		B552CA362C54AC200095C9B9 /* CommonRetOC.h in Headers */ = {isa = PBXBuildFile; fileRef = B552CA352C54AC200095C9B9 /* CommonRetOC.h */; };
		B552CA382C54AC450095C9B9 /* CommonRetOC.m in Sources */ = {isa = PBXBuildFile; fileRef = B552CA372C54AC450095C9B9 /* CommonRetOC.m */; };
		B55407272B653DCB005C08E6 /* NavicatPremiumHack.m in Sources */ = {isa = PBXBuildFile; fileRef = B55407262B653DCB005C08E6 /* NavicatPremiumHack.m */; };
		B554D7BC2B63F2A300B7EFEA /* DevUtilsHack.m in Sources */ = {isa = PBXBuildFile; fileRef = B554D7BB2B63F2A300B7EFEA /* DevUtilsHack.m */; };
		B5732BF12C82CD5900EC9E11 /* IDAHack.m in Sources */ = {isa = PBXBuildFile; fileRef = B5732BF02C82CD5900EC9E11 /* IDAHack.m */; };
		B57F200E2C5DD6D700C87201 /* MockCKDatabase.h in Headers */ = {isa = PBXBuildFile; fileRef = B57F200D2C5DD6D700C87201 /* MockCKDatabase.h */; };
		B57F20102C5DD70700C87201 /* MockCKDatabase.m in Sources */ = {isa = PBXBuildFile; fileRef = B57F200F2C5DD70700C87201 /* MockCKDatabase.m */; };
		B58160172BE88569001DDB9B /* EncryptionUtils.m in Sources */ = {isa = PBXBuildFile; fileRef = B58160112BE88569001DDB9B /* EncryptionUtils.m */; };
		B581601B2BE88569001DDB9B /* EncryptionUtils.h in Headers */ = {isa = PBXBuildFile; fileRef = B58160162BE88569001DDB9B /* EncryptionUtils.h */; };
		B5822CA92CBFFC020062383F /* Logger.h in Headers */ = {isa = PBXBuildFile; fileRef = B5822CA82CBFFC020062383F /* Logger.h */; };
		B5A7D30F2C548B71003D4C7F /* HackProtocolDefault.h in Headers */ = {isa = PBXBuildFile; fileRef = B5A7D30E2C548B71003D4C7F /* HackProtocolDefault.h */; };
		B5A7D3112C548BAB003D4C7F /* HackProtocolDefault.m in Sources */ = {isa = PBXBuildFile; fileRef = B5A7D3102C548BAB003D4C7F /* HackProtocolDefault.m */; };
		B5A7D3142C549130003D4C7F /* ForkLiftHelperHack.m in Sources */ = {isa = PBXBuildFile; fileRef = B5A7D3132C549130003D4C7F /* ForkLiftHelperHack.m */; };
		B5A7D3172C5491A0003D4C7F /* HackHelperProtocolDefault.m in Sources */ = {isa = PBXBuildFile; fileRef = B5A7D3152C5491A0003D4C7F /* HackHelperProtocolDefault.m */; };
		B5A7D3182C5491A0003D4C7F /* HackHelperProtocolDefault.h in Headers */ = {isa = PBXBuildFile; fileRef = B5A7D3162C5491A0003D4C7F /* HackHelperProtocolDefault.h */; };
		B5B89BCB2C5DD49B00F61EB0 /* MockCKContainer.h in Headers */ = {isa = PBXBuildFile; fileRef = B5B89BCA2C5DD49B00F61EB0 /* MockCKContainer.h */; };
		B5B89BCD2C5DD4AB00F61EB0 /* MockCKContainer.m in Sources */ = {isa = PBXBuildFile; fileRef = B5B89BCC2C5DD4AB00F61EB0 /* MockCKContainer.m */; };
		B5D0C0BB2C4B553500881398 /* ForkLiftHack.m in Sources */ = {isa = PBXBuildFile; fileRef = B5D0C0BA2C4B553500881398 /* ForkLiftHack.m */; };
		B5D2ED3F2BC0252D0030CBCA /* DevHack.m in Sources */ = {isa = PBXBuildFile; fileRef = B5D2ED3E2BC0252D0030CBCA /* DevHack.m */; };
		B5EAA9E02C8C3FAF008C4089 /* URLSessionHook.h in Headers */ = {isa = PBXBuildFile; fileRef = B5EAA9DF2C8C3FAF008C4089 /* URLSessionHook.h */; };
		B5EAA9E22C8C3FC3008C4089 /* URLSessionHook.m in Sources */ = {isa = PBXBuildFile; fileRef = B5EAA9E12C8C3FC3008C4089 /* URLSessionHook.m */; };
		B5EC63D82CBD39C700D92EEC /* AlfredHack.m in Sources */ = {isa = PBXBuildFile; fileRef = B5EC63D72CBD39C700D92EEC /* AlfredHack.m */; };
		B5F06B1D2BEF591E0079E68D /* InfuseHack.m in Sources */ = {isa = PBXBuildFile; fileRef = B5F06B1C2BEF591E0079E68D /* InfuseHack.m */; };
		B5FE3B862BA2A571001AE437 /* TransmitHack.m in Sources */ = {isa = PBXBuildFile; fileRef = B5FE3B842BA2A571001AE437 /* TransmitHack.m */; };
		B5FECEAD2BC4FC29008916D6 /* common_ret.h in Headers */ = {isa = PBXBuildFile; fileRef = B5FECEAB2BC4FC29008916D6 /* common_ret.h */; };
		B5FECEAE2BC4FC29008916D6 /* common_ret.m in Sources */ = {isa = PBXBuildFile; fileRef = B5FECEAC2BC4FC29008916D6 /* common_ret.m */; };
/* End PBXBuildFile section */

/* Begin PBXCopyFilesBuildPhase section */
		38350C032B53F86A00DD52B3 /* CopyFiles */ = {
			isa = PBXCopyFilesBuildPhase;
			buildActionMask = 2147483647;
			dstPath = "";
			dstSubfolderSpec = 10;
			files = (
			);
			runOnlyForDeploymentPostprocessing = 0;
		};
/* End PBXCopyFilesBuildPhase section */

/* Begin PBXFileReference section */
		3816BBB62B54FED80051CF39 /* MemoryUtils.h */ = {isa = PBXFileReference; lastKnownFileType = sourcecode.c.h; path = MemoryUtils.h; sourceTree = "<group>"; };
		3816BBB82B54FF090051CF39 /* MemoryUtils.m */ = {isa = PBXFileReference; lastKnownFileType = sourcecode.c.objc; path = MemoryUtils.m; sourceTree = "<group>"; };
		381F42092BFC9F8E00E357AE /* libtinyhook.a */ = {isa = PBXFileReference; lastKnownFileType = archive.ar; path = libtinyhook.a; sourceTree = "<group>"; };
		381F420D2BFC9FB900E357AE /* libc++.tbd */ = {isa = PBXFileReference; lastKnownFileType = "sourcecode.text-based-dylib-definition"; name = "libc++.tbd"; path = "usr/lib/libc++.tbd"; sourceTree = SDKROOT; };
		382A25842B6918DF0083F28C /* PasteHack.m */ = {isa = PBXFileReference; fileEncoding = 4; lastKnownFileType = sourcecode.c.objc; path = PasteHack.m; sourceTree = "<group>"; };
		38350BF22B53F73A00DD52B3 /* libdylib_dobby_hook.dylib */ = {isa = PBXFileReference; explicitFileType = "compiled.mach-o.dylib"; includeInIndex = 0; path = libdylib_dobby_hook.dylib; sourceTree = BUILT_PRODUCTS_DIR; };
		38350BF52B53F73A00DD52B3 /* dylib_dobby_hook.h */ = {isa = PBXFileReference; lastKnownFileType = sourcecode.c.h; path = dylib_dobby_hook.h; sourceTree = "<group>"; };
		38350BF72B53F73A00DD52B3 /* dylib_dobby_hook.m */ = {isa = PBXFileReference; lastKnownFileType = sourcecode.c.objc; path = dylib_dobby_hook.m; sourceTree = "<group>"; };
		38350C012B53F78900DD52B3 /* tinyhook.h */ = {isa = PBXFileReference; fileEncoding = 4; lastKnownFileType = sourcecode.c.h; path = tinyhook.h; sourceTree = "<group>"; };
		38350C072B53F96100DD52B3 /* insert_dylib */ = {isa = PBXFileReference; lastKnownFileType = "compiled.mach-o.executable"; path = insert_dylib; sourceTree = "<group>"; };
		38B83E302B5505B300919735 /* TablePlusHack.m */ = {isa = PBXFileReference; lastKnownFileType = sourcecode.c.objc; path = TablePlusHack.m; sourceTree = "<group>"; };
		38D1AC272B54C9C100E6CB9E /* Constant.h */ = {isa = PBXFileReference; lastKnownFileType = sourcecode.c.h; path = Constant.h; sourceTree = "<group>"; };
		38D1AC292B54CA4D00E6CB9E /* Constant.m */ = {isa = PBXFileReference; lastKnownFileType = sourcecode.c.objc; path = Constant.m; sourceTree = "<group>"; };
		38D1AC2B2B54D03B00E6CB9E /* HackProtocol.h */ = {isa = PBXFileReference; lastKnownFileType = sourcecode.c.h; path = HackProtocol.h; sourceTree = "<group>"; };
		38E793632B6C7AB8005677AA /* all_in_one.sh */ = {isa = PBXFileReference; lastKnownFileType = text.script.sh; path = all_in_one.sh; sourceTree = "<group>"; };
		38E793642B6C7FB6005677AA /* auto_hack.sh */ = {isa = PBXFileReference; lastKnownFileType = text.script.sh; path = auto_hack.sh; sourceTree = "<group>"; };
		9C99D64A2CB6CEF100B8A6D7 /* iStat7Hack.m */ = {isa = PBXFileReference; lastKnownFileType = sourcecode.c.objc; path = iStat7Hack.m; sourceTree = "<group>"; };
		9CE4C5CD2CCA7AC400593C78 /* ShottrHack.m */ = {isa = PBXFileReference; lastKnownFileType = sourcecode.c.objc; path = ShottrHack.m; sourceTree = "<group>"; };
		9CE4C5CF2CCA7C3600593C78 /* JSONUtils.h */ = {isa = PBXFileReference; lastKnownFileType = sourcecode.c.h; path = JSONUtils.h; sourceTree = "<group>"; };
		9CE4C5D02CCA7C3600593C78 /* JSONUtils.m */ = {isa = PBXFileReference; lastKnownFileType = sourcecode.c.objc; path = JSONUtils.m; sourceTree = "<group>"; };
		B50E935D2BBD024F0073FEAA /* PaddleBaseHack.m */ = {isa = PBXFileReference; lastKnownFileType = sourcecode.c.objc; path = PaddleBaseHack.m; sourceTree = "<group>"; };
		B513ADD62CB95D0B00F5DC97 /* LocalizationManager.h */ = {isa = PBXFileReference; lastKnownFileType = sourcecode.c.h; path = LocalizationManager.h; sourceTree = "<group>"; };
		B513ADD82CB95D4100F5DC97 /* LocalizationManager.m */ = {isa = PBXFileReference; lastKnownFileType = sourcecode.c.objc; path = LocalizationManager.m; sourceTree = "<group>"; };
		B52BBA832CBFE1CE00F098A9 /* AirBuddyHack.m */ = {isa = PBXFileReference; lastKnownFileType = sourcecode.c.objc; path = AirBuddyHack.m; sourceTree = "<group>"; };
		B53522452C2FE4D4001CA305 /* MacUpdaterHack.m */ = {isa = PBXFileReference; lastKnownFileType = sourcecode.c.objc; path = MacUpdaterHack.m; sourceTree = "<group>"; };
		B53F9DEC2C4AA4EC00A6B32D /* CleanShotXHack.m */ = {isa = PBXFileReference; lastKnownFileType = sourcecode.c.objc; path = CleanShotXHack.m; sourceTree = "<group>"; };
		B546A6572BC4F0CD0012338D /* ProxyManHack.m */ = {isa = PBXFileReference; lastKnownFileType = sourcecode.c.objc; path = ProxyManHack.m; sourceTree = "<group>"; };
		B552CA352C54AC200095C9B9 /* CommonRetOC.h */ = {isa = PBXFileReference; lastKnownFileType = sourcecode.c.h; path = CommonRetOC.h; sourceTree = "<group>"; };
		B552CA372C54AC450095C9B9 /* CommonRetOC.m */ = {isa = PBXFileReference; lastKnownFileType = sourcecode.c.objc; path = CommonRetOC.m; sourceTree = "<group>"; };
		B55407262B653DCB005C08E6 /* NavicatPremiumHack.m */ = {isa = PBXFileReference; lastKnownFileType = sourcecode.c.objc; path = NavicatPremiumHack.m; sourceTree = "<group>"; };
		B554D7BB2B63F2A300B7EFEA /* DevUtilsHack.m */ = {isa = PBXFileReference; lastKnownFileType = sourcecode.c.objc; path = DevUtilsHack.m; sourceTree = "<group>"; };
		B56968C62BEA4E2A0022FAC6 /* libdylib_dobby_hook.dylib */ = {isa = PBXFileReference; lastKnownFileType = "compiled.mach-o.dylib"; path = libdylib_dobby_hook.dylib; sourceTree = "<group>"; };
		B5732BF02C82CD5900EC9E11 /* IDAHack.m */ = {isa = PBXFileReference; fileEncoding = 4; lastKnownFileType = sourcecode.c.objc; path = IDAHack.m; sourceTree = "<group>"; };
		B57AEDB92C5009E400B9C5FB /* surge_hack.sh */ = {isa = PBXFileReference; lastKnownFileType = text.script.sh; path = surge_hack.sh; sourceTree = "<group>"; };
		B57AEDBA2C5009E400B9C5FB /* forklift_hack.sh */ = {isa = PBXFileReference; lastKnownFileType = text.script.sh; path = forklift_hack.sh; sourceTree = "<group>"; };
		B57AEDBB2C5009F200B9C5FB /* dtrace_kill.d */ = {isa = PBXFileReference; lastKnownFileType = sourcecode.dtrace; path = dtrace_kill.d; sourceTree = "<group>"; };
		B57AEDBC2C5009F200B9C5FB /* SMJobBlessUtil-python3.py */ = {isa = PBXFileReference; lastKnownFileType = text.script.python; path = "SMJobBlessUtil-python3.py"; sourceTree = "<group>"; };
		B57AEDBD2C5009F200B9C5FB /* mac_patch_helper */ = {isa = PBXFileReference; lastKnownFileType = "compiled.mach-o.executable"; path = mac_patch_helper; sourceTree = "<group>"; };
		B57AEDBE2C5009F200B9C5FB /* patch.json */ = {isa = PBXFileReference; lastKnownFileType = text.json; path = patch.json; sourceTree = "<group>"; };
		B57F200D2C5DD6D700C87201 /* MockCKDatabase.h */ = {isa = PBXFileReference; lastKnownFileType = sourcecode.c.h; path = MockCKDatabase.h; sourceTree = "<group>"; };
		B57F200F2C5DD70700C87201 /* MockCKDatabase.m */ = {isa = PBXFileReference; lastKnownFileType = sourcecode.c.objc; path = MockCKDatabase.m; sourceTree = "<group>"; };
		B58160112BE88569001DDB9B /* EncryptionUtils.m */ = {isa = PBXFileReference; fileEncoding = 4; lastKnownFileType = sourcecode.c.objc; path = EncryptionUtils.m; sourceTree = "<group>"; };
		B58160162BE88569001DDB9B /* EncryptionUtils.h */ = {isa = PBXFileReference; fileEncoding = 4; lastKnownFileType = sourcecode.c.h; path = EncryptionUtils.h; sourceTree = "<group>"; };
		B5822CA82CBFFC020062383F /* Logger.h */ = {isa = PBXFileReference; lastKnownFileType = sourcecode.c.h; path = Logger.h; sourceTree = "<group>"; };
		B59751F52C9DAF8600617629 /* fix_helper.sh */ = {isa = PBXFileReference; lastKnownFileType = text.script.sh; path = fix_helper.sh; sourceTree = "<group>"; };
		B59751F62C9DB54E00617629 /* fix_helper_and_inject.sh */ = {isa = PBXFileReference; lastKnownFileType = text.script.sh; path = fix_helper_and_inject.sh; sourceTree = "<group>"; };
		B5A7D30E2C548B71003D4C7F /* HackProtocolDefault.h */ = {isa = PBXFileReference; lastKnownFileType = sourcecode.c.h; path = HackProtocolDefault.h; sourceTree = "<group>"; };
		B5A7D3102C548BAB003D4C7F /* HackProtocolDefault.m */ = {isa = PBXFileReference; lastKnownFileType = sourcecode.c.objc; path = HackProtocolDefault.m; sourceTree = "<group>"; };
		B5A7D3132C549130003D4C7F /* ForkLiftHelperHack.m */ = {isa = PBXFileReference; lastKnownFileType = sourcecode.c.objc; path = ForkLiftHelperHack.m; sourceTree = "<group>"; };
		B5A7D3152C5491A0003D4C7F /* HackHelperProtocolDefault.m */ = {isa = PBXFileReference; fileEncoding = 4; lastKnownFileType = sourcecode.c.objc; path = HackHelperProtocolDefault.m; sourceTree = "<group>"; };
		B5A7D3162C5491A0003D4C7F /* HackHelperProtocolDefault.h */ = {isa = PBXFileReference; fileEncoding = 4; lastKnownFileType = sourcecode.c.h; path = HackHelperProtocolDefault.h; sourceTree = "<group>"; };
		B5B89BCA2C5DD49B00F61EB0 /* MockCKContainer.h */ = {isa = PBXFileReference; lastKnownFileType = sourcecode.c.h; path = MockCKContainer.h; sourceTree = "<group>"; };
		B5B89BCC2C5DD4AB00F61EB0 /* MockCKContainer.m */ = {isa = PBXFileReference; lastKnownFileType = sourcecode.c.objc; path = MockCKContainer.m; sourceTree = "<group>"; };
		B5BE2D582C52A5E40056B3E2 /* build.sh */ = {isa = PBXFileReference; fileEncoding = 4; lastKnownFileType = text.script.sh; path = build.sh; sourceTree = "<group>"; };
		B5BE2D592C52A5E40056B3E2 /* CMakeLists.txt */ = {isa = PBXFileReference; fileEncoding = 4; lastKnownFileType = text; path = CMakeLists.txt; sourceTree = "<group>"; };
		B5BE2D5A2C52A5E40056B3E2 /* LICENSE */ = {isa = PBXFileReference; fileEncoding = 4; lastKnownFileType = text; path = LICENSE; sourceTree = "<group>"; };
		B5BE2D5B2C52A5E40056B3E2 /* README.md */ = {isa = PBXFileReference; fileEncoding = 4; lastKnownFileType = net.daringfireball.markdown; path = README.md; sourceTree = "<group>"; };
		B5D0C0BA2C4B553500881398 /* ForkLiftHack.m */ = {isa = PBXFileReference; lastKnownFileType = sourcecode.c.objc; path = ForkLiftHack.m; sourceTree = "<group>"; };
		B5D2ED3E2BC0252D0030CBCA /* DevHack.m */ = {isa = PBXFileReference; lastKnownFileType = sourcecode.c.objc; path = DevHack.m; sourceTree = "<group>"; };
		B5EAA9DF2C8C3FAF008C4089 /* URLSessionHook.h */ = {isa = PBXFileReference; lastKnownFileType = sourcecode.c.h; path = URLSessionHook.h; sourceTree = "<group>"; };
		B5EAA9E12C8C3FC3008C4089 /* URLSessionHook.m */ = {isa = PBXFileReference; lastKnownFileType = sourcecode.c.objc; path = URLSessionHook.m; sourceTree = "<group>"; };
		B5EC63D72CBD39C700D92EEC /* AlfredHack.m */ = {isa = PBXFileReference; lastKnownFileType = sourcecode.c.objc; path = AlfredHack.m; sourceTree = "<group>"; };
		B5F06B1C2BEF591E0079E68D /* InfuseHack.m */ = {isa = PBXFileReference; lastKnownFileType = sourcecode.c.objc; path = InfuseHack.m; sourceTree = "<group>"; };
		B5FE3B842BA2A571001AE437 /* TransmitHack.m */ = {isa = PBXFileReference; fileEncoding = 4; lastKnownFileType = sourcecode.c.objc; path = TransmitHack.m; sourceTree = "<group>"; };
		B5FECEAB2BC4FC29008916D6 /* common_ret.h */ = {isa = PBXFileReference; lastKnownFileType = sourcecode.c.h; path = common_ret.h; sourceTree = "<group>"; };
		B5FECEAC2BC4FC29008916D6 /* common_ret.m */ = {isa = PBXFileReference; lastKnownFileType = sourcecode.c.objc; path = common_ret.m; sourceTree = "<group>"; };
/* End PBXFileReference section */

/* Begin PBXFrameworksBuildPhase section */
		38350BF02B53F73A00DD52B3 /* Frameworks */ = {
			isa = PBXFrameworksBuildPhase;
			buildActionMask = 2147483647;
			files = (
				381F420E2BFC9FBF00E357AE /* libc++.tbd in Frameworks */,
				381F420A2BFC9F8E00E357AE /* libtinyhook.a in Frameworks */,
			);
			runOnlyForDeploymentPostprocessing = 0;
		};
/* End PBXFrameworksBuildPhase section */

/* Begin PBXGroup section */
		381F420B2BFC9FB100E357AE /* Frameworks */ = {
			isa = PBXGroup;
			children = (
				381F420D2BFC9FB900E357AE /* libc++.tbd */,
			);
			name = Frameworks;
			sourceTree = "<group>";
		};
		38350BE92B53F73A00DD52B3 = {
			isa = PBXGroup;
			children = (
				B5BE2D582C52A5E40056B3E2 /* build.sh */,
				B5BE2D592C52A5E40056B3E2 /* CMakeLists.txt */,
				B5BE2D5A2C52A5E40056B3E2 /* LICENSE */,
				B5BE2D5B2C52A5E40056B3E2 /* README.md */,
				38350C0B2B5407CD00DD52B3 /* release */,
				38350C082B54047F00DD52B3 /* script */,
				38350C062B53F93D00DD52B3 /* tools */,
				38350BFE2B53F76800DD52B3 /* libs */,
				38350BF42B53F73A00DD52B3 /* dylib_dobby_hook */,
				38350BF32B53F73A00DD52B3 /* Products */,
				381F420B2BFC9FB100E357AE /* Frameworks */,
			);
			sourceTree = "<group>";
		};
		38350BF32B53F73A00DD52B3 /* Products */ = {
			isa = PBXGroup;
			children = (
				38350BF22B53F73A00DD52B3 /* libdylib_dobby_hook.dylib */,
			);
			name = Products;
			sourceTree = "<group>";
		};
		38350BF42B53F73A00DD52B3 /* dylib_dobby_hook */ = {
			isa = PBXGroup;
			children = (
				B581601D2BE894A2001DDB9B /* utils */,
				B5A7D3122C54911C003D4C7F /* helpers */,
				B581601C2BE8949B001DDB9B /* apps */,
				38350BF52B53F73A00DD52B3 /* dylib_dobby_hook.h */,
				38350BF72B53F73A00DD52B3 /* dylib_dobby_hook.m */,
				38350C012B53F78900DD52B3 /* tinyhook.h */,
			);
			path = dylib_dobby_hook;
			sourceTree = "<group>";
		};
		38350BFE2B53F76800DD52B3 /* libs */ = {
			isa = PBXGroup;
			children = (
				381F42092BFC9F8E00E357AE /* libtinyhook.a */,
			);
			path = libs;
			sourceTree = "<group>";
		};
		38350C062B53F93D00DD52B3 /* tools */ = {
			isa = PBXGroup;
			children = (
				B57AEDBB2C5009F200B9C5FB /* dtrace_kill.d */,
				B57AEDBD2C5009F200B9C5FB /* mac_patch_helper */,
				B57AEDBE2C5009F200B9C5FB /* patch.json */,
				B57AEDBC2C5009F200B9C5FB /* SMJobBlessUtil-python3.py */,
				38350C072B53F96100DD52B3 /* insert_dylib */,
			);
			path = tools;
			sourceTree = "<group>";
		};
		38350C082B54047F00DD52B3 /* script */ = {
			isa = PBXGroup;
			children = (
				B5BE2D572C52A4530056B3E2 /* apps */,
				38E793632B6C7AB8005677AA /* all_in_one.sh */,
				38E793642B6C7FB6005677AA /* auto_hack.sh */,
			);
			path = script;
			sourceTree = "<group>";
		};
		38350C0B2B5407CD00DD52B3 /* release */ = {
			isa = PBXGroup;
			children = (
				B56968C62BEA4E2A0022FAC6 /* libdylib_dobby_hook.dylib */,
			);
			path = release;
			sourceTree = "<group>";
		};
		B581601C2BE8949B001DDB9B /* apps */ = {
			isa = PBXGroup;
			children = (
				B52BBA832CBFE1CE00F098A9 /* AirBuddyHack.m */,
				B5EC63D72CBD39C700D92EEC /* AlfredHack.m */,
				B5732BF02C82CD5900EC9E11 /* IDAHack.m */,
				9C99D64A2CB6CEF100B8A6D7 /* iStat7Hack.m */,
				B5D0C0BA2C4B553500881398 /* ForkLiftHack.m */,
				B5F06B1C2BEF591E0079E68D /* InfuseHack.m */,
				38D1AC2B2B54D03B00E6CB9E /* HackProtocol.h */,
				B5FE3B842BA2A571001AE437 /* TransmitHack.m */,
				382A25842B6918DF0083F28C /* PasteHack.m */,
				38B83E302B5505B300919735 /* TablePlusHack.m */,
				B554D7BB2B63F2A300B7EFEA /* DevUtilsHack.m */,
				B55407262B653DCB005C08E6 /* NavicatPremiumHack.m */,
				B50E935D2BBD024F0073FEAA /* PaddleBaseHack.m */,
				B5D2ED3E2BC0252D0030CBCA /* DevHack.m */,
				B546A6572BC4F0CD0012338D /* ProxyManHack.m */,
				B53522452C2FE4D4001CA305 /* MacUpdaterHack.m */,
				B53F9DEC2C4AA4EC00A6B32D /* CleanShotXHack.m */,
				B5A7D30E2C548B71003D4C7F /* HackProtocolDefault.h */,
				B5A7D3102C548BAB003D4C7F /* HackProtocolDefault.m */,
				9CE4C5CD2CCA7AC400593C78 /* ShottrHack.m */,
			);
			path = apps;
			sourceTree = "<group>";
		};
		B581601D2BE894A2001DDB9B /* utils */ = {
			isa = PBXGroup;
			children = (
				38D1AC272B54C9C100E6CB9E /* Constant.h */,
				38D1AC292B54CA4D00E6CB9E /* Constant.m */,
				B58160162BE88569001DDB9B /* EncryptionUtils.h */,
				B58160112BE88569001DDB9B /* EncryptionUtils.m */,
				3816BBB62B54FED80051CF39 /* MemoryUtils.h */,
				3816BBB82B54FF090051CF39 /* MemoryUtils.m */,
				B5FECEAB2BC4FC29008916D6 /* common_ret.h */,
				B5FECEAC2BC4FC29008916D6 /* common_ret.m */,
				B552CA352C54AC200095C9B9 /* CommonRetOC.h */,
				B552CA372C54AC450095C9B9 /* CommonRetOC.m */,
				B5B89BCA2C5DD49B00F61EB0 /* MockCKContainer.h */,
				B5B89BCC2C5DD4AB00F61EB0 /* MockCKContainer.m */,
				B57F200D2C5DD6D700C87201 /* MockCKDatabase.h */,
				B57F200F2C5DD70700C87201 /* MockCKDatabase.m */,
				B5EAA9DF2C8C3FAF008C4089 /* URLSessionHook.h */,
				B5EAA9E12C8C3FC3008C4089 /* URLSessionHook.m */,
				B513ADD62CB95D0B00F5DC97 /* LocalizationManager.h */,
				B513ADD82CB95D4100F5DC97 /* LocalizationManager.m */,
				9CE4C5CF2CCA7C3600593C78 /* JSONUtils.h */,
				9CE4C5D02CCA7C3600593C78 /* JSONUtils.m */,
				B5822CA82CBFFC020062383F /* Logger.h */,
			);
			path = utils;
			sourceTree = "<group>";
		};
		B5A7D3122C54911C003D4C7F /* helpers */ = {
			isa = PBXGroup;
			children = (
				B5A7D3162C5491A0003D4C7F /* HackHelperProtocolDefault.h */,
				B5A7D3152C5491A0003D4C7F /* HackHelperProtocolDefault.m */,
				B5A7D3132C549130003D4C7F /* ForkLiftHelperHack.m */,
			);
			path = helpers;
			sourceTree = "<group>";
		};
		B5BE2D572C52A4530056B3E2 /* apps */ = {
			isa = PBXGroup;
			children = (
				B59751F52C9DAF8600617629 /* fix_helper.sh */,
				B59751F62C9DB54E00617629 /* fix_helper_and_inject.sh */,
				B57AEDBA2C5009E400B9C5FB /* forklift_hack.sh */,
				B57AEDB92C5009E400B9C5FB /* surge_hack.sh */,
			);
			path = apps;
			sourceTree = "<group>";
		};
/* End PBXGroup section */

/* Begin PBXHeadersBuildPhase section */
		38350BEE2B53F73A00DD52B3 /* Headers */ = {
			isa = PBXHeadersBuildPhase;
			buildActionMask = 2147483647;
			files = (
				B5EAA9E02C8C3FAF008C4089 /* URLSessionHook.h in Headers */,
				B513ADD72CB95D0B00F5DC97 /* LocalizationManager.h in Headers */,
				B5FECEAD2BC4FC29008916D6 /* common_ret.h in Headers */,
				B581601B2BE88569001DDB9B /* EncryptionUtils.h in Headers */,
				B5A7D30F2C548B71003D4C7F /* HackProtocolDefault.h in Headers */,
				B5B89BCB2C5DD49B00F61EB0 /* MockCKContainer.h in Headers */,
				38350BF62B53F73A00DD52B3 /* dylib_dobby_hook.h in Headers */,
				3816BBB72B54FED80051CF39 /* MemoryUtils.h in Headers */,
				B5A7D3182C5491A0003D4C7F /* HackHelperProtocolDefault.h in Headers */,
				B5822CA92CBFFC020062383F /* Logger.h in Headers */,
				38350C022B53F78900DD52B3 /* tinyhook.h in Headers */,
				B552CA362C54AC200095C9B9 /* CommonRetOC.h in Headers */,
				9CE4C5D22CCA7C3600593C78 /* JSONUtils.h in Headers */,
				38D1AC282B54C9C100E6CB9E /* Constant.h in Headers */,
				38D1AC2C2B54D03B00E6CB9E /* HackProtocol.h in Headers */,
				B57F200E2C5DD6D700C87201 /* MockCKDatabase.h in Headers */,
			);
			runOnlyForDeploymentPostprocessing = 0;
		};
/* End PBXHeadersBuildPhase section */

/* Begin PBXNativeTarget section */
		38350BF12B53F73A00DD52B3 /* dylib_dobby_hook */ = {
			isa = PBXNativeTarget;
			buildConfigurationList = 38350BFB2B53F73A00DD52B3 /* Build configuration list for PBXNativeTarget "dylib_dobby_hook" */;
			buildPhases = (
				38350C052B53F90300DD52B3 /* Run Script */,
				38350BEE2B53F73A00DD52B3 /* Headers */,
				38350BEF2B53F73A00DD52B3 /* Sources */,
				38350BF02B53F73A00DD52B3 /* Frameworks */,
				38350C032B53F86A00DD52B3 /* CopyFiles */,
			);
			buildRules = (
			);
			dependencies = (
			);
			name = dylib_dobby_hook;
			productName = dylib_dobby_hook;
			productReference = 38350BF22B53F73A00DD52B3 /* libdylib_dobby_hook.dylib */;
			productType = "com.apple.product-type.library.dynamic";
		};
/* End PBXNativeTarget section */

/* Begin PBXProject section */
		38350BEA2B53F73A00DD52B3 /* Project object */ = {
			isa = PBXProject;
			attributes = {
				BuildIndependentTargetsInParallel = 1;
				LastUpgradeCheck = 1530;
				TargetAttributes = {
					38350BF12B53F73A00DD52B3 = {
						CreatedOnToolsVersion = 15.2;
					};
				};
			};
			buildConfigurationList = 38350BED2B53F73A00DD52B3 /* Build configuration list for PBXProject "dylib_dobby_hook" */;
			compatibilityVersion = "Xcode 14.0";
			developmentRegion = en;
			hasScannedForEncodings = 0;
			knownRegions = (
				en,
				Base,
			);
			mainGroup = 38350BE92B53F73A00DD52B3;
			productRefGroup = 38350BF32B53F73A00DD52B3 /* Products */;
			projectDirPath = "";
			projectRoot = "";
			targets = (
				38350BF12B53F73A00DD52B3 /* dylib_dobby_hook */,
			);
		};
/* End PBXProject section */

/* Begin PBXShellScriptBuildPhase section */
		38350C052B53F90300DD52B3 /* Run Script */ = {
			isa = PBXShellScriptBuildPhase;
			alwaysOutOfDate = 1;
			buildActionMask = 2147483647;
			files = (
			);
			inputFileListPaths = (
			);
			inputPaths = (
			);
			name = "Run Script";
			outputFileListPaths = (
			);
			outputPaths = (
			);
			runOnlyForDeploymentPostprocessing = 0;
			shellPath = /bin/sh;
			shellScript = "# If debugging is needed, please remove or comment out the \"exit 0\" line.\nexit 0\n\n# require root permission\nroot_password=\"363636\"\n\napp_name=\"Shottr\"\n# The default is injected into the main program, if you need to customize, please edit the variable inject_bin, otherwise do not touch it\n# inject_bin=\"/Applications/Infuse.app/Contents/Frameworks/Differentiator.framework/Versions/A/Differentiator\"\n#inject_bin=\"/Applications/iStat Menus.app/Contents/Frameworks/Paddle.framework/Versions/A/Paddle\"\n\n\ndylib_name=\"${PRODUCT_NAME}\"\nprefix=\"lib\"\ninsert_dylib=\"${SRCROOT}/tools/insert_dylib\"\n\napp_bundle_path=\"/Applications/${app_name}.app/Contents/MacOS\"\napp_bundle_framework=\"/Applications/${app_name}.app/Contents/Frameworks/\"\n\nif [ -n \"$inject_bin\" ]; then\n    app_executable_path=\"$inject_bin\"\nelse\n    app_executable_path=\"${app_bundle_path}/${app_name}\"\nfi\napp_executable_backup_path=\"${app_executable_path}_Backup\"\n\n\nif [ -w \"/Applications/${app_name}.app\" ]; then\n    echo \"Have the directory write permission\"\nelse\n    echo \"No write permission for the directory\"    \n    echo \"$root_password\" | sudo -S chmod -R 777 \"/Applications/${app_name}.app\"\nfi\n\nif [ ! -d \"$app_bundle_framework\" ]; then\n  mkdir -p \"$app_bundle_framework\"\nfi\n\n\nif [ ! -f \"$app_executable_backup_path\" ]; \nthen\n    cp \"$app_executable_path\" \"$app_executable_backup_path\"\nfi\n\n# cp -f \"${BUILT_PRODUCTS_DIR}/${prefix}${dylib_name}.dylib\" \"${app_bundle_framework}\"\n\nif [ \"${CONFIGURATION}\" = \"Release\" ]; then\n    cp -f \"${BUILT_PRODUCTS_DIR}/${prefix}${dylib_name}.dylib\" \"${SRCROOT}/release/${prefix}${dylib_name}.dylib\"\nfi\n\n\necho \"Executing: ${insert_dylib} --weak --all-yes ${BUILT_PRODUCTS_DIR}/${prefix}${dylib_name}.dylib $app_executable_backup_path $app_executable_path\"\n${insert_dylib} --weak --all-yes \"${BUILT_PRODUCTS_DIR}/${prefix}${dylib_name}.dylib\" \"$app_executable_backup_path\" \"$app_executable_path\"\necho \"insert_dylib completed with exit status: $?\"\n\necho \"Executing: codesign -f -s - --all-architectures --deep /Applications/${app_name}.app\"\ncodesign -f -s - --all-architectures --deep \"/Applications/${app_name}.app\"\necho \"codesign completed with exit status: $?\"\n";
		};
/* End PBXShellScriptBuildPhase section */

/* Begin PBXSourcesBuildPhase section */
		38350BEF2B53F73A00DD52B3 /* Sources */ = {
			isa = PBXSourcesBuildPhase;
			buildActionMask = 2147483647;
			files = (
				B57F20102C5DD70700C87201 /* MockCKDatabase.m in Sources */,
				B50E935E2BBD024F0073FEAA /* PaddleBaseHack.m in Sources */,
				B5B89BCD2C5DD4AB00F61EB0 /* MockCKContainer.m in Sources */,
				B5D2ED3F2BC0252D0030CBCA /* DevHack.m in Sources */,
				B5A7D3112C548BAB003D4C7F /* HackProtocolDefault.m in Sources */,
				B546A6582BC4F0CD0012338D /* ProxyManHack.m in Sources */,
				B58160172BE88569001DDB9B /* EncryptionUtils.m in Sources */,
				B53522462C2FE4D4001CA305 /* MacUpdaterHack.m in Sources */,
				B5A7D3142C549130003D4C7F /* ForkLiftHelperHack.m in Sources */,
				38350BF82B53F73A00DD52B3 /* dylib_dobby_hook.m in Sources */,
				B5A7D3172C5491A0003D4C7F /* HackHelperProtocolDefault.m in Sources */,
				B53F9DED2C4AA4EC00A6B32D /* CleanShotXHack.m in Sources */,
				B5EC63D82CBD39C700D92EEC /* AlfredHack.m in Sources */,
				9C99D64B2CB6CEF100B8A6D7 /* iStat7Hack.m in Sources */,
				382A25862B6918DF0083F28C /* PasteHack.m in Sources */,
				B554D7BC2B63F2A300B7EFEA /* DevUtilsHack.m in Sources */,
				B5D0C0BB2C4B553500881398 /* ForkLiftHack.m in Sources */,
				B5F06B1D2BEF591E0079E68D /* InfuseHack.m in Sources */,
				B5EAA9E22C8C3FC3008C4089 /* URLSessionHook.m in Sources */,
				B513ADD92CB95D4100F5DC97 /* LocalizationManager.m in Sources */,
				B52BBA842CBFE1CE00F098A9 /* AirBuddyHack.m in Sources */,
				B55407272B653DCB005C08E6 /* NavicatPremiumHack.m in Sources */,
				3816BBB92B54FF090051CF39 /* MemoryUtils.m in Sources */,
				38B83E312B5505B300919735 /* TablePlusHack.m in Sources */,
				9CE4C5CE2CCA7AC400593C78 /* ShottrHack.m in Sources */,
				9CE4C5D12CCA7C3600593C78 /* JSONUtils.m in Sources */,
				B552CA382C54AC450095C9B9 /* CommonRetOC.m in Sources */,
				B5FECEAE2BC4FC29008916D6 /* common_ret.m in Sources */,
				38D1AC2A2B54CA4D00E6CB9E /* Constant.m in Sources */,
				B5FE3B862BA2A571001AE437 /* TransmitHack.m in Sources */,
				B5732BF12C82CD5900EC9E11 /* IDAHack.m in Sources */,
			);
			runOnlyForDeploymentPostprocessing = 0;
		};
/* End PBXSourcesBuildPhase section */

/* Begin XCBuildConfiguration section */
		38350BF92B53F73A00DD52B3 /* Debug */ = {
			isa = XCBuildConfiguration;
			buildSettings = {
				ALWAYS_SEARCH_USER_PATHS = NO;
				ASSETCATALOG_COMPILER_GENERATE_SWIFT_ASSET_SYMBOL_EXTENSIONS = YES;
				CLANG_ANALYZER_NONNULL = YES;
				CLANG_ANALYZER_NUMBER_OBJECT_CONVERSION = YES_AGGRESSIVE;
				CLANG_CXX_LANGUAGE_STANDARD = "gnu++20";
				CLANG_ENABLE_MODULES = YES;
				CLANG_ENABLE_OBJC_ARC = YES;
				CLANG_ENABLE_OBJC_WEAK = YES;
				CLANG_WARN_BLOCK_CAPTURE_AUTORELEASING = YES;
				CLANG_WARN_BOOL_CONVERSION = YES;
				CLANG_WARN_COMMA = YES;
				CLANG_WARN_CONSTANT_CONVERSION = YES;
				CLANG_WARN_DEPRECATED_OBJC_IMPLEMENTATIONS = YES;
				CLANG_WARN_DIRECT_OBJC_ISA_USAGE = YES_ERROR;
				CLANG_WARN_DOCUMENTATION_COMMENTS = YES;
				CLANG_WARN_EMPTY_BODY = YES;
				CLANG_WARN_ENUM_CONVERSION = YES;
				CLANG_WARN_INFINITE_RECURSION = YES;
				CLANG_WARN_INT_CONVERSION = YES;
				CLANG_WARN_NON_LITERAL_NULL_CONVERSION = YES;
				CLANG_WARN_OBJC_IMPLICIT_RETAIN_SELF = YES;
				CLANG_WARN_OBJC_LITERAL_CONVERSION = YES;
				CLANG_WARN_OBJC_ROOT_CLASS = YES_ERROR;
				CLANG_WARN_QUOTED_INCLUDE_IN_FRAMEWORK_HEADER = YES;
				CLANG_WARN_RANGE_LOOP_ANALYSIS = YES;
				CLANG_WARN_STRICT_PROTOTYPES = YES;
				CLANG_WARN_SUSPICIOUS_MOVE = YES;
				CLANG_WARN_UNGUARDED_AVAILABILITY = YES_AGGRESSIVE;
				CLANG_WARN_UNREACHABLE_CODE = YES;
				CLANG_WARN__DUPLICATE_METHOD_MATCH = YES;
				COPY_PHASE_STRIP = NO;
				DEAD_CODE_STRIPPING = YES;
				DEBUG_INFORMATION_FORMAT = dwarf;
				ENABLE_STRICT_OBJC_MSGSEND = YES;
				ENABLE_TESTABILITY = YES;
				ENABLE_USER_SCRIPT_SANDBOXING = NO;
				GCC_C_LANGUAGE_STANDARD = gnu17;
				GCC_DYNAMIC_NO_PIC = NO;
				GCC_NO_COMMON_BLOCKS = YES;
				GCC_OPTIMIZATION_LEVEL = 0;
				GCC_PREPROCESSOR_DEFINITIONS = (
					"DEBUG=1",
					"$(inherited)",
				);
				GCC_WARN_64_TO_32_BIT_CONVERSION = YES;
				GCC_WARN_ABOUT_RETURN_TYPE = YES_ERROR;
				GCC_WARN_UNDECLARED_SELECTOR = YES;
				GCC_WARN_UNINITIALIZED_AUTOS = YES_AGGRESSIVE;
				GCC_WARN_UNUSED_FUNCTION = YES;
				GCC_WARN_UNUSED_VARIABLE = YES;
				"LD_RUNPATH_SEARCH_PATHS[arch=*]" = "";
				LOCALIZATION_PREFERS_STRING_CATALOGS = YES;
				MACOSX_DEPLOYMENT_TARGET = 14.2;
				MTL_ENABLE_DEBUG_INFO = INCLUDE_SOURCE;
				MTL_FAST_MATH = YES;
				ONLY_ACTIVE_ARCH = NO;
				SDKROOT = macosx;
			};
			name = Debug;
		};
		38350BFA2B53F73A00DD52B3 /* Release */ = {
			isa = XCBuildConfiguration;
			buildSettings = {
				ALWAYS_SEARCH_USER_PATHS = NO;
				ASSETCATALOG_COMPILER_GENERATE_SWIFT_ASSET_SYMBOL_EXTENSIONS = YES;
				CLANG_ANALYZER_NONNULL = YES;
				CLANG_ANALYZER_NUMBER_OBJECT_CONVERSION = YES_AGGRESSIVE;
				CLANG_CXX_LANGUAGE_STANDARD = "gnu++20";
				CLANG_ENABLE_MODULES = YES;
				CLANG_ENABLE_OBJC_ARC = YES;
				CLANG_ENABLE_OBJC_WEAK = YES;
				CLANG_WARN_BLOCK_CAPTURE_AUTORELEASING = YES;
				CLANG_WARN_BOOL_CONVERSION = YES;
				CLANG_WARN_COMMA = YES;
				CLANG_WARN_CONSTANT_CONVERSION = YES;
				CLANG_WARN_DEPRECATED_OBJC_IMPLEMENTATIONS = YES;
				CLANG_WARN_DIRECT_OBJC_ISA_USAGE = YES_ERROR;
				CLANG_WARN_DOCUMENTATION_COMMENTS = YES;
				CLANG_WARN_EMPTY_BODY = YES;
				CLANG_WARN_ENUM_CONVERSION = YES;
				CLANG_WARN_INFINITE_RECURSION = YES;
				CLANG_WARN_INT_CONVERSION = YES;
				CLANG_WARN_NON_LITERAL_NULL_CONVERSION = YES;
				CLANG_WARN_OBJC_IMPLICIT_RETAIN_SELF = YES;
				CLANG_WARN_OBJC_LITERAL_CONVERSION = YES;
				CLANG_WARN_OBJC_ROOT_CLASS = YES_ERROR;
				CLANG_WARN_QUOTED_INCLUDE_IN_FRAMEWORK_HEADER = YES;
				CLANG_WARN_RANGE_LOOP_ANALYSIS = YES;
				CLANG_WARN_STRICT_PROTOTYPES = YES;
				CLANG_WARN_SUSPICIOUS_MOVE = YES;
				CLANG_WARN_UNGUARDED_AVAILABILITY = YES_AGGRESSIVE;
				CLANG_WARN_UNREACHABLE_CODE = YES;
				CLANG_WARN__DUPLICATE_METHOD_MATCH = YES;
				COPY_PHASE_STRIP = NO;
				DEAD_CODE_STRIPPING = YES;
				DEBUG_INFORMATION_FORMAT = "dwarf-with-dsym";
				ENABLE_NS_ASSERTIONS = NO;
				ENABLE_STRICT_OBJC_MSGSEND = YES;
				ENABLE_USER_SCRIPT_SANDBOXING = NO;
				GCC_C_LANGUAGE_STANDARD = gnu17;
				GCC_NO_COMMON_BLOCKS = YES;
				GCC_OPTIMIZATION_LEVEL = 0;
				GCC_WARN_64_TO_32_BIT_CONVERSION = YES;
				GCC_WARN_ABOUT_RETURN_TYPE = YES_ERROR;
				GCC_WARN_UNDECLARED_SELECTOR = YES;
				GCC_WARN_UNINITIALIZED_AUTOS = YES_AGGRESSIVE;
				GCC_WARN_UNUSED_FUNCTION = YES;
				GCC_WARN_UNUSED_VARIABLE = YES;
				LOCALIZATION_PREFERS_STRING_CATALOGS = YES;
				MACOSX_DEPLOYMENT_TARGET = 14.2;
				MTL_ENABLE_DEBUG_INFO = NO;
				MTL_FAST_MATH = YES;
				SDKROOT = macosx;
			};
			name = Release;
		};
		38350BFC2B53F73A00DD52B3 /* Debug */ = {
			isa = XCBuildConfiguration;
			buildSettings = {
				CODE_SIGN_STYLE = Automatic;
				DEAD_CODE_STRIPPING = YES;
				DYLIB_COMPATIBILITY_VERSION = 1;
				DYLIB_CURRENT_VERSION = 1;
				ENABLE_USER_SCRIPT_SANDBOXING = NO;
				EXECUTABLE_PREFIX = lib;
				"LD_RUNPATH_SEARCH_PATHS[arch=*]" = "@executable_path/";
				LIBRARY_SEARCH_PATHS = (
					"$(inherited)",
					"$(PROJECT_DIR)/libs",
				);
				MACOSX_DEPLOYMENT_TARGET = 14.6;
				ONLY_ACTIVE_ARCH = NO;
				PRODUCT_NAME = "$(TARGET_NAME)";
				SKIP_INSTALL = YES;
			};
			name = Debug;
		};
		38350BFD2B53F73A00DD52B3 /* Release */ = {
			isa = XCBuildConfiguration;
			buildSettings = {
				CODE_SIGN_STYLE = Automatic;
				DEAD_CODE_STRIPPING = YES;
				DYLIB_COMPATIBILITY_VERSION = 1;
				DYLIB_CURRENT_VERSION = 1;
				ENABLE_USER_SCRIPT_SANDBOXING = NO;
				EXECUTABLE_PREFIX = lib;
				"LD_RUNPATH_SEARCH_PATHS[arch=*]" = "@executable_path/";
				LIBRARY_SEARCH_PATHS = (
					"$(inherited)",
					"$(PROJECT_DIR)/libs",
				);
				MACOSX_DEPLOYMENT_TARGET = 14.6;
				ONLY_ACTIVE_ARCH = NO;
				PRODUCT_NAME = "$(TARGET_NAME)";
				SKIP_INSTALL = YES;
			};
			name = Release;
		};
/* End XCBuildConfiguration section */

/* Begin XCConfigurationList section */
		38350BED2B53F73A00DD52B3 /* Build configuration list for PBXProject "dylib_dobby_hook" */ = {
			isa = XCConfigurationList;
			buildConfigurations = (
				38350BF92B53F73A00DD52B3 /* Debug */,
				38350BFA2B53F73A00DD52B3 /* Release */,
			);
			defaultConfigurationIsVisible = 0;
			defaultConfigurationName = Release;
		};
		38350BFB2B53F73A00DD52B3 /* Build configuration list for PBXNativeTarget "dylib_dobby_hook" */ = {
			isa = XCConfigurationList;
			buildConfigurations = (
				38350BFC2B53F73A00DD52B3 /* Debug */,
				38350BFD2B53F73A00DD52B3 /* Release */,
			);
			defaultConfigurationIsVisible = 0;
			defaultConfigurationName = Release;
		};
/* End XCConfigurationList section */
	};
	rootObject = 38350BEA2B53F73A00DD52B3 /* Project object */;
}
