// !$*UTF8*$!
{
	archiveVersion = 1;
	classes = {
	};
	objectVersion = 70;
	objects = {

/* Begin PBXBuildFile section */
		08869D0F2E1AF15900B079A0 /* NotchNook.m in Sources */ = {isa = PBXBuildFile; fileRef = 08869D0E2E1AF15900B079A0 /* NotchNook.m */; };
		2847DC932E0E792000D72519 /* DeskWidgetHack.m in Sources */ = {isa = PBXBuildFile; fileRef = 2847DC922E0E791A00D72519 /* DeskWidgetHack.m */; };
		2853DED92E17A39E0045A97A /* LiveWallpaperHack.m in Sources */ = {isa = PBXBuildFile; fileRef = 2853DED82E17A39E0045A97A /* LiveWallpaperHack.m */; };
		2853DEDB2E17A41F0045A97A /* SenPlayerHack.m in Sources */ = {isa = PBXBuildFile; fileRef = 2853DEDA2E17A41A0045A97A /* SenPlayerHack.m */; };
		3816BBB72B54FED80051CF39 /* MemoryUtils.h in Headers */ = {isa = PBXBuildFile; fileRef = 3816BBB62B54FED80051CF39 /* MemoryUtils.h */; };
		3816BBB92B54FF090051CF39 /* MemoryUtils.m in Sources */ = {isa = PBXBuildFile; fileRef = 3816BBB82B54FF090051CF39 /* MemoryUtils.m */; };
		381F420E2BFC9FBF00E357AE /* libc++.tbd in Frameworks */ = {isa = PBXBuildFile; fileRef = 381F420D2BFC9FB900E357AE /* libc++.tbd */; };
		382A25862B6918DF0083F28C /* PasteHack.m in Sources */ = {isa = PBXBuildFile; fileRef = 382A25842B6918DF0083F28C /* PasteHack.m */; };
		38350BF62B53F73A00DD52B3 /* dylib_dobby_hook.h in Headers */ = {isa = PBXBuildFile; fileRef = 38350BF52B53F73A00DD52B3 /* dylib_dobby_hook.h */; };
		38350BF82B53F73A00DD52B3 /* dylib_dobby_hook.m in Sources */ = {isa = PBXBuildFile; fileRef = 38350BF72B53F73A00DD52B3 /* dylib_dobby_hook.m */; };
		38350C022B53F78900DD52B3 /* tinyhook.h in Headers */ = {isa = PBXBuildFile; fileRef = 38350C012B53F78900DD52B3 /* tinyhook.h */; };
		38B83E312B5505B300919735 /* TablePlusHack.m in Sources */ = {isa = PBXBuildFile; fileRef = 38B83E302B5505B300919735 /* TablePlusHack.m */; };
		38D1AC282B54C9C100E6CB9E /* Constant.h in Headers */ = {isa = PBXBuildFile; fileRef = 38D1AC272B54C9C100E6CB9E /* Constant.h */; };
		38D1AC2A2B54CA4D00E6CB9E /* Constant.m in Sources */ = {isa = PBXBuildFile; fileRef = 38D1AC292B54CA4D00E6CB9E /* Constant.m */; };
		38D1AC2C2B54D03B00E6CB9E /* HackProtocol.h in Headers */ = {isa = PBXBuildFile; fileRef = 38D1AC2B2B54D03B00E6CB9E /* HackProtocol.h */; };
		38E2ECD32DC48DCA00D76D10 /* ProxymanHelperHack.m in Sources */ = {isa = PBXBuildFile; fileRef = 38E2ECD22DC48DCA00D76D10 /* ProxymanHelperHack.m */; };
		9C99D64B2CB6CEF100B8A6D7 /* iStat7Hack.m in Sources */ = {isa = PBXBuildFile; fileRef = 9C99D64A2CB6CEF100B8A6D7 /* iStat7Hack.m */; };
		9CE4C5CE2CCA7AC400593C78 /* ShottrHack.m in Sources */ = {isa = PBXBuildFile; fileRef = 9CE4C5CD2CCA7AC400593C78 /* ShottrHack.m */; };
		9CE4C5D12CCA7C3600593C78 /* JSONUtils.m in Sources */ = {isa = PBXBuildFile; fileRef = 9CE4C5D02CCA7C3600593C78 /* JSONUtils.m */; };
		9CE4C5D22CCA7C3600593C78 /* JSONUtils.h in Headers */ = {isa = PBXBuildFile; fileRef = 9CE4C5CF2CCA7C3600593C78 /* JSONUtils.h */; };
		B50E935E2BBD024F0073FEAA /* PaddleBaseHack.m in Sources */ = {isa = PBXBuildFile; fileRef = B50E935D2BBD024F0073FEAA /* PaddleBaseHack.m */; };
		B5105EF32E6B1D7400333727 /* MockUbiquitousKeyValueStore.h in Headers */ = {isa = PBXBuildFile; fileRef = B59D6A292E503ED90004D71D /* MockUbiquitousKeyValueStore.h */; };
		B5105EF42E6B1D7400333727 /* URLSessionHook.h in Headers */ = {isa = PBXBuildFile; fileRef = B5EAA9DF2C8C3FAF008C4089 /* URLSessionHook.h */; };
		B5105EF52E6B1D7400333727 /* LocalizationManager.h in Headers */ = {isa = PBXBuildFile; fileRef = B513ADD62CB95D0B00F5DC97 /* LocalizationManager.h */; };
		B5105EF62E6B1D7400333727 /* common_ret.h in Headers */ = {isa = PBXBuildFile; fileRef = B5FECEAB2BC4FC29008916D6 /* common_ret.h */; };
		B5105EF72E6B1D7400333727 /* EncryptionUtils.h in Headers */ = {isa = PBXBuildFile; fileRef = B58160162BE88569001DDB9B /* EncryptionUtils.h */; };
		B5105EF92E6B1D7400333727 /* MockCKContainer.h in Headers */ = {isa = PBXBuildFile; fileRef = B5B89BCA2C5DD49B00F61EB0 /* MockCKContainer.h */; };
		B5105EFA2E6B1D7400333727 /* dylib_dobby_hook.h in Headers */ = {isa = PBXBuildFile; fileRef = 38350BF52B53F73A00DD52B3 /* dylib_dobby_hook.h */; };
		B5105EFB2E6B1D7400333727 /* MockKeychain.h in Headers */ = {isa = PBXBuildFile; fileRef = B57584382E0D698A001F7C9E /* MockKeychain.h */; };
		B5105EFC2E6B1D7400333727 /* MemoryUtils.h in Headers */ = {isa = PBXBuildFile; fileRef = 3816BBB62B54FED80051CF39 /* MemoryUtils.h */; };
		B5105EFE2E6B1D7400333727 /* Logger.h in Headers */ = {isa = PBXBuildFile; fileRef = B5822CA82CBFFC020062383F /* Logger.h */; };
		B5105EFF2E6B1D7400333727 /* tinyhook.h in Headers */ = {isa = PBXBuildFile; fileRef = 38350C012B53F78900DD52B3 /* tinyhook.h */; };
		B5105F002E6B1D7400333727 /* CommonRetOC.h in Headers */ = {isa = PBXBuildFile; fileRef = B552CA352C54AC200095C9B9 /* CommonRetOC.h */; };
		B5105F012E6B1D7400333727 /* JSONUtils.h in Headers */ = {isa = PBXBuildFile; fileRef = 9CE4C5CF2CCA7C3600593C78 /* JSONUtils.h */; };
		B5105F022E6B1D7400333727 /* Constant.h in Headers */ = {isa = PBXBuildFile; fileRef = 38D1AC272B54C9C100E6CB9E /* Constant.h */; };
		B5105F042E6B1D7400333727 /* MockCKDatabase.h in Headers */ = {isa = PBXBuildFile; fileRef = B57F200D2C5DD6D700C87201 /* MockCKDatabase.h */; };
		B5105F062E6B1D7400333727 /* MockCKDatabase.m in Sources */ = {isa = PBXBuildFile; fileRef = B57F200F2C5DD70700C87201 /* MockCKDatabase.m */; };
		B5105F0A2E6B1D7400333727 /* MockCKContainer.m in Sources */ = {isa = PBXBuildFile; fileRef = B5B89BCC2C5DD4AB00F61EB0 /* MockCKContainer.m */; };
		B5105F0F2E6B1D7400333727 /* EncryptionUtils.m in Sources */ = {isa = PBXBuildFile; fileRef = B58160112BE88569001DDB9B /* EncryptionUtils.m */; };
		B5105F132E6B1D7400333727 /* dylib_dobby_hook.m in Sources */ = {isa = PBXBuildFile; fileRef = 38350BF72B53F73A00DD52B3 /* dylib_dobby_hook.m */; };
		B5105F202E6B1D7400333727 /* URLSessionHook.m in Sources */ = {isa = PBXBuildFile; fileRef = B5EAA9E12C8C3FC3008C4089 /* URLSessionHook.m */; };
		B5105F242E6B1D7400333727 /* LocalizationManager.m in Sources */ = {isa = PBXBuildFile; fileRef = B513ADD82CB95D4100F5DC97 /* LocalizationManager.m */; };
		B5105F2A2E6B1D7400333727 /* MemoryUtils.m in Sources */ = {isa = PBXBuildFile; fileRef = 3816BBB82B54FF090051CF39 /* MemoryUtils.m */; };
		B5105F302E6B1D7400333727 /* MockUbiquitousKeyValueStore.m in Sources */ = {isa = PBXBuildFile; fileRef = B59D6A2B2E503F010004D71D /* MockUbiquitousKeyValueStore.m */; };
		B5105F332E6B1D7400333727 /* JSONUtils.m in Sources */ = {isa = PBXBuildFile; fileRef = 9CE4C5D02CCA7C3600593C78 /* JSONUtils.m */; };
		B5105F362E6B1D7400333727 /* CommonRetOC.m in Sources */ = {isa = PBXBuildFile; fileRef = B552CA372C54AC450095C9B9 /* CommonRetOC.m */; };
		B5105F372E6B1D7400333727 /* common_ret.m in Sources */ = {isa = PBXBuildFile; fileRef = B5FECEAC2BC4FC29008916D6 /* common_ret.m */; };
		B5105F382E6B1D7400333727 /* Constant.m in Sources */ = {isa = PBXBuildFile; fileRef = 38D1AC292B54CA4D00E6CB9E /* Constant.m */; };
		B5105F3E2E6B1D7400333727 /* MockKeychain.m in Sources */ = {isa = PBXBuildFile; fileRef = B575843A2E0D69AA001F7C9E /* MockKeychain.m */; };
		B5105F402E6B1D7400333727 /* libc++.tbd in Frameworks */ = {isa = PBXBuildFile; fileRef = 381F420D2BFC9FB900E357AE /* libc++.tbd */; };
		B5105F592E6B28E000333727 /* HackHelperProtocolDefault.m in Sources */ = {isa = PBXBuildFile; fileRef = B5105F562E6B27FA00333727 /* HackHelperProtocolDefault.m */; };
		B5105F5A2E6B28E000333727 /* HackProtocolDefault.m in Sources */ = {isa = PBXBuildFile; fileRef = B5105F502E6B27A300333727 /* HackProtocolDefault.m */; };
		B5105F5B2E6B28F900333727 /* HackHelperProtocolDefault.h in Headers */ = {isa = PBXBuildFile; fileRef = B5105F552E6B27FA00333727 /* HackHelperProtocolDefault.h */; };
		B5105F5C2E6B28F900333727 /* HackProtocol.h in Headers */ = {isa = PBXBuildFile; fileRef = B5105F532E6B27E600333727 /* HackProtocol.h */; };
		B5105F5D2E6B28F900333727 /* HackProtocolDefault.h in Headers */ = {isa = PBXBuildFile; fileRef = B5105F4F2E6B27A300333727 /* HackProtocolDefault.h */; };
		B5105F5F2E6B298500333727 /* DevHack.m in Sources */ = {isa = PBXBuildFile; fileRef = B5105F5E2E6B298500333727 /* DevHack.m */; };
		B513ADD72CB95D0B00F5DC97 /* LocalizationManager.h in Headers */ = {isa = PBXBuildFile; fileRef = B513ADD62CB95D0B00F5DC97 /* LocalizationManager.h */; };
		B513ADD92CB95D4100F5DC97 /* LocalizationManager.m in Sources */ = {isa = PBXBuildFile; fileRef = B513ADD82CB95D4100F5DC97 /* LocalizationManager.m */; };
		B52BBA842CBFE1CE00F098A9 /* AirBuddyHack.m in Sources */ = {isa = PBXBuildFile; fileRef = B52BBA832CBFE1CE00F098A9 /* AirBuddyHack.m */; };
		B5369DCE2CC4C1D200A81211 /* irvueHack.m in Sources */ = {isa = PBXBuildFile; fileRef = B5369DCD2CC4C1D200A81211 /* irvueHack.m */; };
		B5369DD02CC4C1DF00A81211 /* VidhubHack.m in Sources */ = {isa = PBXBuildFile; fileRef = B5369DCF2CC4C1DF00A81211 /* VidhubHack.m */; };
		B53F9DED2C4AA4EC00A6B32D /* CleanShotXHack.m in Sources */ = {isa = PBXBuildFile; fileRef = B53F9DEC2C4AA4EC00A6B32D /* CleanShotXHack.m */; };
		B546A6582BC4F0CD0012338D /* ProxyManHack.m in Sources */ = {isa = PBXBuildFile; fileRef = B546A6572BC4F0CD0012338D /* ProxyManHack.m */; };
		B552CA362C54AC200095C9B9 /* CommonRetOC.h in Headers */ = {isa = PBXBuildFile; fileRef = B552CA352C54AC200095C9B9 /* CommonRetOC.h */; };
		B552CA382C54AC450095C9B9 /* CommonRetOC.m in Sources */ = {isa = PBXBuildFile; fileRef = B552CA372C54AC450095C9B9 /* CommonRetOC.m */; };
		B55407272B653DCB005C08E6 /* NavicatPremiumHack.m in Sources */ = {isa = PBXBuildFile; fileRef = B55407262B653DCB005C08E6 /* NavicatPremiumHack.m */; };
		B554D7BC2B63F2A300B7EFEA /* DevUtilsHack.m in Sources */ = {isa = PBXBuildFile; fileRef = B554D7BB2B63F2A300B7EFEA /* DevUtilsHack.m */; };
		B5732BF12C82CD5900EC9E11 /* IDAHack.m in Sources */ = {isa = PBXBuildFile; fileRef = B5732BF02C82CD5900EC9E11 /* IDAHack.m */; };
		B57584392E0D698A001F7C9E /* MockKeychain.h in Headers */ = {isa = PBXBuildFile; fileRef = B57584382E0D698A001F7C9E /* MockKeychain.h */; };
		B575843B2E0D69AA001F7C9E /* MockKeychain.m in Sources */ = {isa = PBXBuildFile; fileRef = B575843A2E0D69AA001F7C9E /* MockKeychain.m */; };
		B57F200E2C5DD6D700C87201 /* MockCKDatabase.h in Headers */ = {isa = PBXBuildFile; fileRef = B57F200D2C5DD6D700C87201 /* MockCKDatabase.h */; };
		B57F20102C5DD70700C87201 /* MockCKDatabase.m in Sources */ = {isa = PBXBuildFile; fileRef = B57F200F2C5DD70700C87201 /* MockCKDatabase.m */; };
		B58160172BE88569001DDB9B /* EncryptionUtils.m in Sources */ = {isa = PBXBuildFile; fileRef = B58160112BE88569001DDB9B /* EncryptionUtils.m */; };
		B581601B2BE88569001DDB9B /* EncryptionUtils.h in Headers */ = {isa = PBXBuildFile; fileRef = B58160162BE88569001DDB9B /* EncryptionUtils.h */; };
		B5822CA92CBFFC020062383F /* Logger.h in Headers */ = {isa = PBXBuildFile; fileRef = B5822CA82CBFFC020062383F /* Logger.h */; };
		B5938B222DA7E45300FA82B0 /* ishotHack.m in Sources */ = {isa = PBXBuildFile; fileRef = B5938B212DA7E45300FA82B0 /* ishotHack.m */; };
		B5938B242DA7E5D100FA82B0 /* BoltAIHack.m in Sources */ = {isa = PBXBuildFile; fileRef = B5938B232DA7E5D100FA82B0 /* BoltAIHack.m */; };
		B59D6A2A2E503ED90004D71D /* MockUbiquitousKeyValueStore.h in Headers */ = {isa = PBXBuildFile; fileRef = B59D6A292E503ED90004D71D /* MockUbiquitousKeyValueStore.h */; };
		B59D6A2C2E503F010004D71D /* MockUbiquitousKeyValueStore.m in Sources */ = {isa = PBXBuildFile; fileRef = B59D6A2B2E503F010004D71D /* MockUbiquitousKeyValueStore.m */; };
		B5A7D30F2C548B71003D4C7F /* HackProtocolDefault.h in Headers */ = {isa = PBXBuildFile; fileRef = B5A7D30E2C548B71003D4C7F /* HackProtocolDefault.h */; };
		B5A7D3112C548BAB003D4C7F /* HackProtocolDefault.m in Sources */ = {isa = PBXBuildFile; fileRef = B5A7D3102C548BAB003D4C7F /* HackProtocolDefault.m */; };
		B5A7D3142C549130003D4C7F /* ForkLiftHelperHack.m in Sources */ = {isa = PBXBuildFile; fileRef = B5A7D3132C549130003D4C7F /* ForkLiftHelperHack.m */; };
		B5A7D3172C5491A0003D4C7F /* HackHelperProtocolDefault.m in Sources */ = {isa = PBXBuildFile; fileRef = B5A7D3152C5491A0003D4C7F /* HackHelperProtocolDefault.m */; };
		B5A7D3182C5491A0003D4C7F /* HackHelperProtocolDefault.h in Headers */ = {isa = PBXBuildFile; fileRef = B5A7D3162C5491A0003D4C7F /* HackHelperProtocolDefault.h */; };
		B5ABA1512DB21A5100EE97A0 /* CleanMyMacAgentHack.m in Sources */ = {isa = PBXBuildFile; fileRef = B5ABA1502DB21A5100EE97A0 /* CleanMyMacAgentHack.m */; };
		B5B89BCB2C5DD49B00F61EB0 /* MockCKContainer.h in Headers */ = {isa = PBXBuildFile; fileRef = B5B89BCA2C5DD49B00F61EB0 /* MockCKContainer.h */; };
		B5B89BCD2C5DD4AB00F61EB0 /* MockCKContainer.m in Sources */ = {isa = PBXBuildFile; fileRef = B5B89BCC2C5DD4AB00F61EB0 /* MockCKContainer.m */; };
		B5D0C0BB2C4B553500881398 /* ForkLiftHack.m in Sources */ = {isa = PBXBuildFile; fileRef = B5D0C0BA2C4B553500881398 /* ForkLiftHack.m */; };
		B5D2ED3F2BC0252D0030CBCA /* DevHack.m in Sources */ = {isa = PBXBuildFile; fileRef = B5D2ED3E2BC0252D0030CBCA /* DevHack.m */; };
		B5EAA9E02C8C3FAF008C4089 /* URLSessionHook.h in Headers */ = {isa = PBXBuildFile; fileRef = B5EAA9DF2C8C3FAF008C4089 /* URLSessionHook.h */; };
		B5EAA9E22C8C3FC3008C4089 /* URLSessionHook.m in Sources */ = {isa = PBXBuildFile; fileRef = B5EAA9E12C8C3FC3008C4089 /* URLSessionHook.m */; };
		B5EC63D82CBD39C700D92EEC /* AlfredHack.m in Sources */ = {isa = PBXBuildFile; fileRef = B5EC63D72CBD39C700D92EEC /* AlfredHack.m */; };
		B5F06B1D2BEF591E0079E68D /* InfuseHack.m in Sources */ = {isa = PBXBuildFile; fileRef = B5F06B1C2BEF591E0079E68D /* InfuseHack.m */; };
		B5FD0D732DB20D1100989564 /* CleanMyMacHack.m in Sources */ = {isa = PBXBuildFile; fileRef = B5FD0D722DB20D1100989564 /* CleanMyMacHack.m */; };
		B5FE3B862BA2A571001AE437 /* TransmitHack.m in Sources */ = {isa = PBXBuildFile; fileRef = B5FE3B842BA2A571001AE437 /* TransmitHack.m */; };
		B5FECEAD2BC4FC29008916D6 /* common_ret.h in Headers */ = {isa = PBXBuildFile; fileRef = B5FECEAB2BC4FC29008916D6 /* common_ret.h */; };
		B5FECEAE2BC4FC29008916D6 /* common_ret.m in Sources */ = {isa = PBXBuildFile; fileRef = B5FECEAC2BC4FC29008916D6 /* common_ret.m */; };
/* End PBXBuildFile section */

/* Begin PBXCopyFilesBuildPhase section */
		38350C032B53F86A00DD52B3 /* CopyFiles */ = {
			isa = PBXCopyFilesBuildPhase;
			buildActionMask = 2147483647;
			dstPath = "";
			dstSubfolderSpec = 10;
			files = (
			);
			runOnlyForDeploymentPostprocessing = 0;
		};
		B5105F412E6B1D7400333727 /* CopyFiles */ = {
			isa = PBXCopyFilesBuildPhase;
			buildActionMask = 2147483647;
			dstPath = "";
			dstSubfolderSpec = 10;
			files = (
			);
			runOnlyForDeploymentPostprocessing = 0;
		};
/* End PBXCopyFilesBuildPhase section */

/* Begin PBXFileReference section */
		08869D0E2E1AF15900B079A0 /* NotchNook.m */ = {isa = PBXFileReference; lastKnownFileType = sourcecode.c.objc; path = NotchNook.m; sourceTree = "<group>"; };
		2847DC922E0E791A00D72519 /* DeskWidgetHack.m */ = {isa = PBXFileReference; lastKnownFileType = sourcecode.c.objc; path = DeskWidgetHack.m; sourceTree = "<group>"; };
		2853DED82E17A39E0045A97A /* LiveWallpaperHack.m */ = {isa = PBXFileReference; lastKnownFileType = sourcecode.c.objc; path = LiveWallpaperHack.m; sourceTree = "<group>"; };
		2853DEDA2E17A41A0045A97A /* SenPlayerHack.m */ = {isa = PBXFileReference; lastKnownFileType = sourcecode.c.objc; path = SenPlayerHack.m; sourceTree = "<group>"; };
		3816BBB62B54FED80051CF39 /* MemoryUtils.h */ = {isa = PBXFileReference; lastKnownFileType = sourcecode.c.h; path = MemoryUtils.h; sourceTree = "<group>"; };
		3816BBB82B54FF090051CF39 /* MemoryUtils.m */ = {isa = PBXFileReference; lastKnownFileType = sourcecode.c.objc; path = MemoryUtils.m; sourceTree = "<group>"; };
		381F420D2BFC9FB900E357AE /* libc++.tbd */ = {isa = PBXFileReference; lastKnownFileType = "sourcecode.text-based-dylib-definition"; name = "libc++.tbd"; path = "usr/lib/libc++.tbd"; sourceTree = SDKROOT; };
		382A25842B6918DF0083F28C /* PasteHack.m */ = {isa = PBXFileReference; fileEncoding = 4; lastKnownFileType = sourcecode.c.objc; path = PasteHack.m; sourceTree = "<group>"; };
		38350BF22B53F73A00DD52B3 /* libdylib_dobby_hook.dylib */ = {isa = PBXFileReference; explicitFileType = "compiled.mach-o.dylib"; includeInIndex = 0; path = libdylib_dobby_hook.dylib; sourceTree = BUILT_PRODUCTS_DIR; };
		38350BF52B53F73A00DD52B3 /* dylib_dobby_hook.h */ = {isa = PBXFileReference; lastKnownFileType = sourcecode.c.h; path = dylib_dobby_hook.h; sourceTree = "<group>"; };
		38350BF72B53F73A00DD52B3 /* dylib_dobby_hook.m */ = {isa = PBXFileReference; lastKnownFileType = sourcecode.c.objc; path = dylib_dobby_hook.m; sourceTree = "<group>"; };
		38350C012B53F78900DD52B3 /* tinyhook.h */ = {isa = PBXFileReference; fileEncoding = 4; lastKnownFileType = sourcecode.c.h; path = tinyhook.h; sourceTree = "<group>"; };
		38350C072B53F96100DD52B3 /* insert_dylib */ = {isa = PBXFileReference; lastKnownFileType = "compiled.mach-o.executable"; path = insert_dylib; sourceTree = "<group>"; };
		38B83E302B5505B300919735 /* TablePlusHack.m */ = {isa = PBXFileReference; lastKnownFileType = sourcecode.c.objc; path = TablePlusHack.m; sourceTree = "<group>"; };
		38D1AC272B54C9C100E6CB9E /* Constant.h */ = {isa = PBXFileReference; lastKnownFileType = sourcecode.c.h; path = Constant.h; sourceTree = "<group>"; };
		38D1AC292B54CA4D00E6CB9E /* Constant.m */ = {isa = PBXFileReference; lastKnownFileType = sourcecode.c.objc; path = Constant.m; sourceTree = "<group>"; };
		38D1AC2B2B54D03B00E6CB9E /* HackProtocol.h */ = {isa = PBXFileReference; lastKnownFileType = sourcecode.c.h; path = HackProtocol.h; sourceTree = "<group>"; };
		38E2ECD22DC48DCA00D76D10 /* ProxymanHelperHack.m */ = {isa = PBXFileReference; lastKnownFileType = sourcecode.c.objc; path = ProxymanHelperHack.m; sourceTree = "<group>"; };
		38E793642B6C7FB6005677AA /* auto_hack.sh */ = {isa = PBXFileReference; lastKnownFileType = text.script.sh; path = auto_hack.sh; sourceTree = "<group>"; };
		9C99D64A2CB6CEF100B8A6D7 /* iStat7Hack.m */ = {isa = PBXFileReference; lastKnownFileType = sourcecode.c.objc; path = iStat7Hack.m; sourceTree = "<group>"; };
		9CE4C5CD2CCA7AC400593C78 /* ShottrHack.m */ = {isa = PBXFileReference; lastKnownFileType = sourcecode.c.objc; path = ShottrHack.m; sourceTree = "<group>"; };
		9CE4C5CF2CCA7C3600593C78 /* JSONUtils.h */ = {isa = PBXFileReference; lastKnownFileType = sourcecode.c.h; path = JSONUtils.h; sourceTree = "<group>"; };
		9CE4C5D02CCA7C3600593C78 /* JSONUtils.m */ = {isa = PBXFileReference; lastKnownFileType = sourcecode.c.objc; path = JSONUtils.m; sourceTree = "<group>"; };
		B50E935D2BBD024F0073FEAA /* PaddleBaseHack.m */ = {isa = PBXFileReference; lastKnownFileType = sourcecode.c.objc; path = PaddleBaseHack.m; sourceTree = "<group>"; };
		B5105F462E6B1D7400333727 /* libdylib_dobby_hook.dylib */ = {isa = PBXFileReference; explicitFileType = "compiled.mach-o.dylib"; includeInIndex = 0; path = libdylib_dobby_hook.dylib; sourceTree = BUILT_PRODUCTS_DIR; };
		B5105F4F2E6B27A300333727 /* HackProtocolDefault.h */ = {isa = PBXFileReference; lastKnownFileType = sourcecode.c.h; path = HackProtocolDefault.h; sourceTree = "<group>"; };
		B5105F502E6B27A300333727 /* HackProtocolDefault.m */ = {isa = PBXFileReference; lastKnownFileType = sourcecode.c.objc; path = HackProtocolDefault.m; sourceTree = "<group>"; };
		B5105F532E6B27E600333727 /* HackProtocol.h */ = {isa = PBXFileReference; lastKnownFileType = sourcecode.c.h; path = HackProtocol.h; sourceTree = "<group>"; };
		B5105F552E6B27FA00333727 /* HackHelperProtocolDefault.h */ = {isa = PBXFileReference; lastKnownFileType = sourcecode.c.h; path = HackHelperProtocolDefault.h; sourceTree = "<group>"; };
		B5105F562E6B27FA00333727 /* HackHelperProtocolDefault.m */ = {isa = PBXFileReference; lastKnownFileType = sourcecode.c.objc; path = HackHelperProtocolDefault.m; sourceTree = "<group>"; };
		B5105F5E2E6B298500333727 /* DevHack.m */ = {isa = PBXFileReference; lastKnownFileType = sourcecode.c.objc; path = DevHack.m; sourceTree = "<group>"; };
		B513ADD62CB95D0B00F5DC97 /* LocalizationManager.h */ = {isa = PBXFileReference; lastKnownFileType = sourcecode.c.h; path = LocalizationManager.h; sourceTree = "<group>"; };
		B513ADD82CB95D4100F5DC97 /* LocalizationManager.m */ = {isa = PBXFileReference; lastKnownFileType = sourcecode.c.objc; path = LocalizationManager.m; sourceTree = "<group>"; };
		B52BBA832CBFE1CE00F098A9 /* AirBuddyHack.m */ = {isa = PBXFileReference; lastKnownFileType = sourcecode.c.objc; path = AirBuddyHack.m; sourceTree = "<group>"; };
		B5369DCD2CC4C1D200A81211 /* irvueHack.m */ = {isa = PBXFileReference; lastKnownFileType = sourcecode.c.objc; path = irvueHack.m; sourceTree = "<group>"; };
		B5369DCF2CC4C1DF00A81211 /* VidhubHack.m */ = {isa = PBXFileReference; lastKnownFileType = sourcecode.c.objc; path = VidhubHack.m; sourceTree = "<group>"; };
		B53F9DEC2C4AA4EC00A6B32D /* CleanShotXHack.m */ = {isa = PBXFileReference; lastKnownFileType = sourcecode.c.objc; path = CleanShotXHack.m; sourceTree = "<group>"; };
		B546A6572BC4F0CD0012338D /* ProxyManHack.m */ = {isa = PBXFileReference; lastKnownFileType = sourcecode.c.objc; path = ProxyManHack.m; sourceTree = "<group>"; };
		B552CA352C54AC200095C9B9 /* CommonRetOC.h */ = {isa = PBXFileReference; lastKnownFileType = sourcecode.c.h; path = CommonRetOC.h; sourceTree = "<group>"; };
		B552CA372C54AC450095C9B9 /* CommonRetOC.m */ = {isa = PBXFileReference; lastKnownFileType = sourcecode.c.objc; path = CommonRetOC.m; sourceTree = "<group>"; };
		B55407262B653DCB005C08E6 /* NavicatPremiumHack.m */ = {isa = PBXFileReference; lastKnownFileType = sourcecode.c.objc; path = NavicatPremiumHack.m; sourceTree = "<group>"; };
		B554D7BB2B63F2A300B7EFEA /* DevUtilsHack.m */ = {isa = PBXFileReference; lastKnownFileType = sourcecode.c.objc; path = DevUtilsHack.m; sourceTree = "<group>"; };
		B56968C62BEA4E2A0022FAC6 /* libdylib_dobby_hook.dylib */ = {isa = PBXFileReference; lastKnownFileType = "compiled.mach-o.dylib"; path = libdylib_dobby_hook.dylib; sourceTree = "<group>"; };
		B5732BF02C82CD5900EC9E11 /* IDAHack.m */ = {isa = PBXFileReference; fileEncoding = 4; lastKnownFileType = sourcecode.c.objc; path = IDAHack.m; sourceTree = "<group>"; };
		B57584382E0D698A001F7C9E /* MockKeychain.h */ = {isa = PBXFileReference; lastKnownFileType = sourcecode.c.h; path = MockKeychain.h; sourceTree = "<group>"; };
		B575843A2E0D69AA001F7C9E /* MockKeychain.m */ = {isa = PBXFileReference; lastKnownFileType = sourcecode.c.objc; path = MockKeychain.m; sourceTree = "<group>"; };
		B57AEDBB2C5009F200B9C5FB /* dtrace_kill.d */ = {isa = PBXFileReference; lastKnownFileType = sourcecode.dtrace; path = dtrace_kill.d; sourceTree = "<group>"; };
		B57AEDBC2C5009F200B9C5FB /* SMJobBlessUtil-python3.py */ = {isa = PBXFileReference; lastKnownFileType = text.script.python; path = "SMJobBlessUtil-python3.py"; sourceTree = "<group>"; };
		B57AEDBD2C5009F200B9C5FB /* mac_patch_helper */ = {isa = PBXFileReference; lastKnownFileType = "compiled.mach-o.executable"; path = mac_patch_helper; sourceTree = "<group>"; };
		B57F200D2C5DD6D700C87201 /* MockCKDatabase.h */ = {isa = PBXFileReference; lastKnownFileType = sourcecode.c.h; path = MockCKDatabase.h; sourceTree = "<group>"; };
		B57F200F2C5DD70700C87201 /* MockCKDatabase.m */ = {isa = PBXFileReference; lastKnownFileType = sourcecode.c.objc; path = MockCKDatabase.m; sourceTree = "<group>"; };
		B58160112BE88569001DDB9B /* EncryptionUtils.m */ = {isa = PBXFileReference; fileEncoding = 4; lastKnownFileType = sourcecode.c.objc; path = EncryptionUtils.m; sourceTree = "<group>"; };
		B58160162BE88569001DDB9B /* EncryptionUtils.h */ = {isa = PBXFileReference; fileEncoding = 4; lastKnownFileType = sourcecode.c.h; path = EncryptionUtils.h; sourceTree = "<group>"; };
		B5822CA82CBFFC020062383F /* Logger.h */ = {isa = PBXFileReference; lastKnownFileType = sourcecode.c.h; path = Logger.h; sourceTree = "<group>"; };
		B5938B212DA7E45300FA82B0 /* ishotHack.m */ = {isa = PBXFileReference; lastKnownFileType = sourcecode.c.objc; path = ishotHack.m; sourceTree = "<group>"; };
		B5938B232DA7E5D100FA82B0 /* BoltAIHack.m */ = {isa = PBXFileReference; lastKnownFileType = sourcecode.c.objc; path = BoltAIHack.m; sourceTree = "<group>"; };
		B59D6A292E503ED90004D71D /* MockUbiquitousKeyValueStore.h */ = {isa = PBXFileReference; lastKnownFileType = sourcecode.c.h; path = MockUbiquitousKeyValueStore.h; sourceTree = "<group>"; };
		B59D6A2B2E503F010004D71D /* MockUbiquitousKeyValueStore.m */ = {isa = PBXFileReference; lastKnownFileType = sourcecode.c.objc; path = MockUbiquitousKeyValueStore.m; sourceTree = "<group>"; };
		B5A7D30E2C548B71003D4C7F /* HackProtocolDefault.h */ = {isa = PBXFileReference; lastKnownFileType = sourcecode.c.h; path = HackProtocolDefault.h; sourceTree = "<group>"; };
		B5A7D3102C548BAB003D4C7F /* HackProtocolDefault.m */ = {isa = PBXFileReference; lastKnownFileType = sourcecode.c.objc; path = HackProtocolDefault.m; sourceTree = "<group>"; };
		B5A7D3132C549130003D4C7F /* ForkLiftHelperHack.m */ = {isa = PBXFileReference; lastKnownFileType = sourcecode.c.objc; path = ForkLiftHelperHack.m; sourceTree = "<group>"; };
		B5A7D3152C5491A0003D4C7F /* HackHelperProtocolDefault.m */ = {isa = PBXFileReference; fileEncoding = 4; lastKnownFileType = sourcecode.c.objc; path = HackHelperProtocolDefault.m; sourceTree = "<group>"; };
		B5A7D3162C5491A0003D4C7F /* HackHelperProtocolDefault.h */ = {isa = PBXFileReference; fileEncoding = 4; lastKnownFileType = sourcecode.c.h; path = HackHelperProtocolDefault.h; sourceTree = "<group>"; };
		B5ABA1502DB21A5100EE97A0 /* CleanMyMacAgentHack.m */ = {isa = PBXFileReference; lastKnownFileType = sourcecode.c.objc; path = CleanMyMacAgentHack.m; sourceTree = "<group>"; };
		B5B89BCA2C5DD49B00F61EB0 /* MockCKContainer.h */ = {isa = PBXFileReference; lastKnownFileType = sourcecode.c.h; path = MockCKContainer.h; sourceTree = "<group>"; };
		B5B89BCC2C5DD4AB00F61EB0 /* MockCKContainer.m */ = {isa = PBXFileReference; lastKnownFileType = sourcecode.c.objc; path = MockCKContainer.m; sourceTree = "<group>"; };
		B5BE2D582C52A5E40056B3E2 /* build.sh */ = {isa = PBXFileReference; fileEncoding = 4; lastKnownFileType = text.script.sh; path = build.sh; sourceTree = "<group>"; };
		B5BE2D592C52A5E40056B3E2 /* CMakeLists.txt */ = {isa = PBXFileReference; fileEncoding = 4; lastKnownFileType = text; path = CMakeLists.txt; sourceTree = "<group>"; };
		B5BE2D5A2C52A5E40056B3E2 /* LICENSE */ = {isa = PBXFileReference; fileEncoding = 4; lastKnownFileType = text; path = LICENSE; sourceTree = "<group>"; };
		B5BE2D5B2C52A5E40056B3E2 /* README.md */ = {isa = PBXFileReference; fileEncoding = 4; lastKnownFileType = net.daringfireball.markdown; path = README.md; sourceTree = "<group>"; };
		B5D0C0BA2C4B553500881398 /* ForkLiftHack.m */ = {isa = PBXFileReference; lastKnownFileType = sourcecode.c.objc; path = ForkLiftHack.m; sourceTree = "<group>"; };
		B5D2ED3E2BC0252D0030CBCA /* DevHack.m */ = {isa = PBXFileReference; lastKnownFileType = sourcecode.c.objc; path = DevHack.m; sourceTree = "<group>"; };
		B5EAA9DF2C8C3FAF008C4089 /* URLSessionHook.h */ = {isa = PBXFileReference; lastKnownFileType = sourcecode.c.h; path = URLSessionHook.h; sourceTree = "<group>"; };
		B5EAA9E12C8C3FC3008C4089 /* URLSessionHook.m */ = {isa = PBXFileReference; lastKnownFileType = sourcecode.c.objc; path = URLSessionHook.m; sourceTree = "<group>"; };
		B5EC63D72CBD39C700D92EEC /* AlfredHack.m */ = {isa = PBXFileReference; lastKnownFileType = sourcecode.c.objc; path = AlfredHack.m; sourceTree = "<group>"; };
		B5F06B1C2BEF591E0079E68D /* InfuseHack.m */ = {isa = PBXFileReference; lastKnownFileType = sourcecode.c.objc; path = InfuseHack.m; sourceTree = "<group>"; };
		B5FD0D722DB20D1100989564 /* CleanMyMacHack.m */ = {isa = PBXFileReference; lastKnownFileType = sourcecode.c.objc; path = CleanMyMacHack.m; sourceTree = "<group>"; };
		B5FE3B842BA2A571001AE437 /* TransmitHack.m */ = {isa = PBXFileReference; fileEncoding = 4; lastKnownFileType = sourcecode.c.objc; path = TransmitHack.m; sourceTree = "<group>"; };
		B5FECEAB2BC4FC29008916D6 /* common_ret.h */ = {isa = PBXFileReference; lastKnownFileType = sourcecode.c.h; path = common_ret.h; sourceTree = "<group>"; };
		B5FECEAC2BC4FC29008916D6 /* common_ret.m */ = {isa = PBXFileReference; lastKnownFileType = sourcecode.c.objc; path = common_ret.m; sourceTree = "<group>"; };
/* End PBXFileReference section */

/* Begin PBXFileSystemSynchronizedBuildFileExceptionSet section */
		B5105F472E6B1D7400333727 /* PBXFileSystemSynchronizedBuildFileExceptionSet */ = {
			isa = PBXFileSystemSynchronizedBuildFileExceptionSet;
			membershipExceptions = (
				libtinyhook.a,
			);
			target = B5105EF12E6B1D7400333727 /* dylib_dobby_hook_ios */;
		};
		B5105F4B2E6B1FDA00333727 /* PBXFileSystemSynchronizedBuildFileExceptionSet */ = {
			isa = PBXFileSystemSynchronizedBuildFileExceptionSet;
			membershipExceptions = (
				libtinyhook.a,
			);
			target = B5105EF12E6B1D7400333727 /* dylib_dobby_hook_ios */;
		};
/* End PBXFileSystemSynchronizedBuildFileExceptionSet section */

/* Begin PBXFileSystemSynchronizedRootGroup section */
		B5105EE62E6B12D400333727 /* mac */ = {isa = PBXFileSystemSynchronizedRootGroup; exceptions = (B5105F472E6B1D7400333727 /* PBXFileSystemSynchronizedBuildFileExceptionSet */, ); explicitFileTypes = {}; explicitFolders = (); path = mac; sourceTree = "<group>"; };
		B5105EE92E6B12E000333727 /* ios */ = {isa = PBXFileSystemSynchronizedRootGroup; exceptions = (B5105F4B2E6B1FDA00333727 /* PBXFileSystemSynchronizedBuildFileExceptionSet */, ); explicitFileTypes = {}; explicitFolders = (); path = ios; sourceTree = "<group>"; };
/* End PBXFileSystemSynchronizedRootGroup section */

/* Begin PBXFrameworksBuildPhase section */
		38350BF02B53F73A00DD52B3 /* Frameworks */ = {
			isa = PBXFrameworksBuildPhase;
			buildActionMask = 2147483647;
			files = (
				381F420E2BFC9FBF00E357AE /* libc++.tbd in Frameworks */,
			);
			runOnlyForDeploymentPostprocessing = 0;
		};
		B5105F3F2E6B1D7400333727 /* Frameworks */ = {
			isa = PBXFrameworksBuildPhase;
			buildActionMask = 2147483647;
			files = (
				B5105F402E6B1D7400333727 /* libc++.tbd in Frameworks */,
			);
			runOnlyForDeploymentPostprocessing = 0;
		};
/* End PBXFrameworksBuildPhase section */

/* Begin PBXGroup section */
		381F420B2BFC9FB100E357AE /* Frameworks */ = {
			isa = PBXGroup;
			children = (
				381F420D2BFC9FB900E357AE /* libc++.tbd */,
			);
			name = Frameworks;
			sourceTree = "<group>";
		};
		38350BE92B53F73A00DD52B3 = {
			isa = PBXGroup;
			children = (
				B5BE2D582C52A5E40056B3E2 /* build.sh */,
				B5BE2D592C52A5E40056B3E2 /* CMakeLists.txt */,
				B5BE2D5A2C52A5E40056B3E2 /* LICENSE */,
				B5BE2D5B2C52A5E40056B3E2 /* README.md */,
				38350C0B2B5407CD00DD52B3 /* release */,
				38350C082B54047F00DD52B3 /* script */,
				38350C062B53F93D00DD52B3 /* tools */,
				38350BFE2B53F76800DD52B3 /* libs */,
				38350BF42B53F73A00DD52B3 /* dylib_dobby_hook */,
				38350BF32B53F73A00DD52B3 /* Products */,
				381F420B2BFC9FB100E357AE /* Frameworks */,
			);
			sourceTree = "<group>";
		};
		38350BF32B53F73A00DD52B3 /* Products */ = {
			isa = PBXGroup;
			children = (
				38350BF22B53F73A00DD52B3 /* libdylib_dobby_hook.dylib */,
				B5105F462E6B1D7400333727 /* libdylib_dobby_hook.dylib */,
			);
			name = Products;
			sourceTree = "<group>";
		};
		38350BF42B53F73A00DD52B3 /* dylib_dobby_hook */ = {
			isa = PBXGroup;
			children = (
				B581601D2BE894A2001DDB9B /* utils */,
				B5105F4C2E6B277500333727 /* ios */,
				B5105EE42E6B122700333727 /* mac */,
				38350BF52B53F73A00DD52B3 /* dylib_dobby_hook.h */,
				38350BF72B53F73A00DD52B3 /* dylib_dobby_hook.m */,
				38350C012B53F78900DD52B3 /* tinyhook.h */,
			);
			path = dylib_dobby_hook;
			sourceTree = "<group>";
		};
		38350BFE2B53F76800DD52B3 /* libs */ = {
			isa = PBXGroup;
			children = (
				B5105EE92E6B12E000333727 /* ios */,
				B5105EE62E6B12D400333727 /* mac */,
			);
			path = libs;
			sourceTree = "<group>";
		};
		38350C062B53F93D00DD52B3 /* tools */ = {
			isa = PBXGroup;
			children = (
				B57AEDBB2C5009F200B9C5FB /* dtrace_kill.d */,
				B57AEDBD2C5009F200B9C5FB /* mac_patch_helper */,
				B57AEDBC2C5009F200B9C5FB /* SMJobBlessUtil-python3.py */,
				38350C072B53F96100DD52B3 /* insert_dylib */,
			);
			path = tools;
			sourceTree = "<group>";
		};
		38350C082B54047F00DD52B3 /* script */ = {
			isa = PBXGroup;
			children = (
				B5BE2D572C52A4530056B3E2 /* apps */,
				38E793642B6C7FB6005677AA /* auto_hack.sh */,
			);
			path = script;
			sourceTree = "<group>";
		};
		38350C0B2B5407CD00DD52B3 /* release */ = {
			isa = PBXGroup;
			children = (
				B56968C62BEA4E2A0022FAC6 /* libdylib_dobby_hook.dylib */,
			);
			path = release;
			sourceTree = "<group>";
		};
		B5105EE42E6B122700333727 /* mac */ = {
			isa = PBXGroup;
			children = (
				B5A7D3122C54911C003D4C7F /* helpers */,
				B581601C2BE8949B001DDB9B /* apps */,
			);
			path = mac;
			sourceTree = "<group>";
		};
		B5105F4C2E6B277500333727 /* ios */ = {
			isa = PBXGroup;
			children = (
				B5105F4E2E6B278A00333727 /* helpers */,
				B5105F4D2E6B278600333727 /* apps */,
			);
			path = ios;
			sourceTree = "<group>";
		};
		B5105F4D2E6B278600333727 /* apps */ = {
			isa = PBXGroup;
			children = (
				B5105F532E6B27E600333727 /* HackProtocol.h */,
				B5105F4F2E6B27A300333727 /* HackProtocolDefault.h */,
				B5105F502E6B27A300333727 /* HackProtocolDefault.m */,
				B5105F5E2E6B298500333727 /* DevHack.m */,
			);
			path = apps;
			sourceTree = "<group>";
		};
		B5105F4E2E6B278A00333727 /* helpers */ = {
			isa = PBXGroup;
			children = (
				B5105F552E6B27FA00333727 /* HackHelperProtocolDefault.h */,
				B5105F562E6B27FA00333727 /* HackHelperProtocolDefault.m */,
			);
			path = helpers;
			sourceTree = "<group>";
		};
		B581601C2BE8949B001DDB9B /* apps */ = {
			isa = PBXGroup;
			children = (
				B5938B212DA7E45300FA82B0 /* ishotHack.m */,
				B5369DCF2CC4C1DF00A81211 /* VidhubHack.m */,
				B5369DCD2CC4C1D200A81211 /* irvueHack.m */,
				B52BBA832CBFE1CE00F098A9 /* AirBuddyHack.m */,
				B5EC63D72CBD39C700D92EEC /* AlfredHack.m */,
				B5732BF02C82CD5900EC9E11 /* IDAHack.m */,
				9C99D64A2CB6CEF100B8A6D7 /* iStat7Hack.m */,
				B5D0C0BA2C4B553500881398 /* ForkLiftHack.m */,
				B5F06B1C2BEF591E0079E68D /* InfuseHack.m */,
				38D1AC2B2B54D03B00E6CB9E /* HackProtocol.h */,
				B5FE3B842BA2A571001AE437 /* TransmitHack.m */,
				382A25842B6918DF0083F28C /* PasteHack.m */,
				38B83E302B5505B300919735 /* TablePlusHack.m */,
				08869D0E2E1AF15900B079A0 /* NotchNook.m */,
				B554D7BB2B63F2A300B7EFEA /* DevUtilsHack.m */,
				B55407262B653DCB005C08E6 /* NavicatPremiumHack.m */,
				B50E935D2BBD024F0073FEAA /* PaddleBaseHack.m */,
				B5D2ED3E2BC0252D0030CBCA /* DevHack.m */,
				B546A6572BC4F0CD0012338D /* ProxyManHack.m */,
				B53F9DEC2C4AA4EC00A6B32D /* CleanShotXHack.m */,
				B5A7D30E2C548B71003D4C7F /* HackProtocolDefault.h */,
				B5A7D3102C548BAB003D4C7F /* HackProtocolDefault.m */,
				9CE4C5CD2CCA7AC400593C78 /* ShottrHack.m */,
				B5938B232DA7E5D100FA82B0 /* BoltAIHack.m */,
				B5FD0D722DB20D1100989564 /* CleanMyMacHack.m */,
				2847DC922E0E791A00D72519 /* DeskWidgetHack.m */,
				2853DED82E17A39E0045A97A /* LiveWallpaperHack.m */,
				2853DEDA2E17A41A0045A97A /* SenPlayerHack.m */,
			);
			path = apps;
			sourceTree = "<group>";
		};
		B581601D2BE894A2001DDB9B /* utils */ = {
			isa = PBXGroup;
			children = (
				B59D6A2B2E503F010004D71D /* MockUbiquitousKeyValueStore.m */,
				B59D6A292E503ED90004D71D /* MockUbiquitousKeyValueStore.h */,
				38D1AC272B54C9C100E6CB9E /* Constant.h */,
				38D1AC292B54CA4D00E6CB9E /* Constant.m */,
				B58160162BE88569001DDB9B /* EncryptionUtils.h */,
				B58160112BE88569001DDB9B /* EncryptionUtils.m */,
				3816BBB62B54FED80051CF39 /* MemoryUtils.h */,
				3816BBB82B54FF090051CF39 /* MemoryUtils.m */,
				B5FECEAB2BC4FC29008916D6 /* common_ret.h */,
				B5FECEAC2BC4FC29008916D6 /* common_ret.m */,
				B552CA352C54AC200095C9B9 /* CommonRetOC.h */,
				B552CA372C54AC450095C9B9 /* CommonRetOC.m */,
				B5B89BCA2C5DD49B00F61EB0 /* MockCKContainer.h */,
				B5B89BCC2C5DD4AB00F61EB0 /* MockCKContainer.m */,
				B57F200D2C5DD6D700C87201 /* MockCKDatabase.h */,
				B57F200F2C5DD70700C87201 /* MockCKDatabase.m */,
				B5EAA9DF2C8C3FAF008C4089 /* URLSessionHook.h */,
				B5EAA9E12C8C3FC3008C4089 /* URLSessionHook.m */,
				B513ADD62CB95D0B00F5DC97 /* LocalizationManager.h */,
				B513ADD82CB95D4100F5DC97 /* LocalizationManager.m */,
				9CE4C5CF2CCA7C3600593C78 /* JSONUtils.h */,
				9CE4C5D02CCA7C3600593C78 /* JSONUtils.m */,
				B5822CA82CBFFC020062383F /* Logger.h */,
				B57584382E0D698A001F7C9E /* MockKeychain.h */,
				B575843A2E0D69AA001F7C9E /* MockKeychain.m */,
			);
			path = utils;
			sourceTree = "<group>";
		};
		B5A7D3122C54911C003D4C7F /* helpers */ = {
			isa = PBXGroup;
			children = (
				B5A7D3162C5491A0003D4C7F /* HackHelperProtocolDefault.h */,
				B5A7D3152C5491A0003D4C7F /* HackHelperProtocolDefault.m */,
				B5A7D3132C549130003D4C7F /* ForkLiftHelperHack.m */,
				B5ABA1502DB21A5100EE97A0 /* CleanMyMacAgentHack.m */,
				38E2ECD22DC48DCA00D76D10 /* ProxymanHelperHack.m */,
			);
			path = helpers;
			sourceTree = "<group>";
		};
		B5BE2D572C52A4530056B3E2 /* apps */ = {
			isa = PBXGroup;
			children = (
			);
			path = apps;
			sourceTree = "<group>";
		};
/* End PBXGroup section */

/* Begin PBXHeadersBuildPhase section */
		38350BEE2B53F73A00DD52B3 /* Headers */ = {
			isa = PBXHeadersBuildPhase;
			buildActionMask = 2147483647;
			files = (
				B59D6A2A2E503ED90004D71D /* MockUbiquitousKeyValueStore.h in Headers */,
				B5EAA9E02C8C3FAF008C4089 /* URLSessionHook.h in Headers */,
				B513ADD72CB95D0B00F5DC97 /* LocalizationManager.h in Headers */,
				B5FECEAD2BC4FC29008916D6 /* common_ret.h in Headers */,
				B581601B2BE88569001DDB9B /* EncryptionUtils.h in Headers */,
				B5A7D30F2C548B71003D4C7F /* HackProtocolDefault.h in Headers */,
				B5B89BCB2C5DD49B00F61EB0 /* MockCKContainer.h in Headers */,
				38350BF62B53F73A00DD52B3 /* dylib_dobby_hook.h in Headers */,
				B57584392E0D698A001F7C9E /* MockKeychain.h in Headers */,
				3816BBB72B54FED80051CF39 /* MemoryUtils.h in Headers */,
				B5A7D3182C5491A0003D4C7F /* HackHelperProtocolDefault.h in Headers */,
				B5822CA92CBFFC020062383F /* Logger.h in Headers */,
				38350C022B53F78900DD52B3 /* tinyhook.h in Headers */,
				B552CA362C54AC200095C9B9 /* CommonRetOC.h in Headers */,
				9CE4C5D22CCA7C3600593C78 /* JSONUtils.h in Headers */,
				38D1AC282B54C9C100E6CB9E /* Constant.h in Headers */,
				38D1AC2C2B54D03B00E6CB9E /* HackProtocol.h in Headers */,
				B57F200E2C5DD6D700C87201 /* MockCKDatabase.h in Headers */,
			);
			runOnlyForDeploymentPostprocessing = 0;
		};
		B5105EF22E6B1D7400333727 /* Headers */ = {
			isa = PBXHeadersBuildPhase;
			buildActionMask = 2147483647;
			files = (
				B5105F5B2E6B28F900333727 /* HackHelperProtocolDefault.h in Headers */,
				B5105F5C2E6B28F900333727 /* HackProtocol.h in Headers */,
				B5105F5D2E6B28F900333727 /* HackProtocolDefault.h in Headers */,
				B5105EF32E6B1D7400333727 /* MockUbiquitousKeyValueStore.h in Headers */,
				B5105EF42E6B1D7400333727 /* URLSessionHook.h in Headers */,
				B5105EF52E6B1D7400333727 /* LocalizationManager.h in Headers */,
				B5105EF62E6B1D7400333727 /* common_ret.h in Headers */,
				B5105EF72E6B1D7400333727 /* EncryptionUtils.h in Headers */,
				B5105EF92E6B1D7400333727 /* MockCKContainer.h in Headers */,
				B5105EFA2E6B1D7400333727 /* dylib_dobby_hook.h in Headers */,
				B5105EFB2E6B1D7400333727 /* MockKeychain.h in Headers */,
				B5105EFC2E6B1D7400333727 /* MemoryUtils.h in Headers */,
				B5105EFE2E6B1D7400333727 /* Logger.h in Headers */,
				B5105EFF2E6B1D7400333727 /* tinyhook.h in Headers */,
				B5105F002E6B1D7400333727 /* CommonRetOC.h in Headers */,
				B5105F012E6B1D7400333727 /* JSONUtils.h in Headers */,
				B5105F022E6B1D7400333727 /* Constant.h in Headers */,
				B5105F042E6B1D7400333727 /* MockCKDatabase.h in Headers */,
			);
			runOnlyForDeploymentPostprocessing = 0;
		};
/* End PBXHeadersBuildPhase section */

/* Begin PBXNativeTarget section */
		38350BF12B53F73A00DD52B3 /* dylib_dobby_hook_mac */ = {
			isa = PBXNativeTarget;
			buildConfigurationList = 38350BFB2B53F73A00DD52B3 /* Build configuration list for PBXNativeTarget "dylib_dobby_hook_mac" */;
			buildPhases = (
				38350BEE2B53F73A00DD52B3 /* Headers */,
				38350BEF2B53F73A00DD52B3 /* Sources */,
				38350BF02B53F73A00DD52B3 /* Frameworks */,
				38350C032B53F86A00DD52B3 /* CopyFiles */,
				38350C052B53F90300DD52B3 /* Run Script */,
			);
			buildRules = (
			);
			dependencies = (
			);
			fileSystemSynchronizedGroups = (
				B5105EE62E6B12D400333727 /* mac */,
			);
			name = dylib_dobby_hook_mac;
			productName = dylib_dobby_hook;
			productReference = 38350BF22B53F73A00DD52B3 /* libdylib_dobby_hook.dylib */;
			productType = "com.apple.product-type.library.dynamic";
		};
		B5105EF12E6B1D7400333727 /* dylib_dobby_hook_ios */ = {
			isa = PBXNativeTarget;
			buildConfigurationList = B5105F432E6B1D7400333727 /* Build configuration list for PBXNativeTarget "dylib_dobby_hook_ios" */;
			buildPhases = (
				B5105EF22E6B1D7400333727 /* Headers */,
				B5105F052E6B1D7400333727 /* Sources */,
				B5105F3F2E6B1D7400333727 /* Frameworks */,
				B5105F412E6B1D7400333727 /* CopyFiles */,
				B5105F422E6B1D7400333727 /* Run Script */,
			);
			buildRules = (
			);
			dependencies = (
			);
			fileSystemSynchronizedGroups = (
				B5105EE62E6B12D400333727 /* mac */,
			);
			name = dylib_dobby_hook_ios;
			productName = dylib_dobby_hook;
			productReference = B5105F462E6B1D7400333727 /* libdylib_dobby_hook.dylib */;
			productType = "com.apple.product-type.library.dynamic";
		};
/* End PBXNativeTarget section */

/* Begin PBXProject section */
		38350BEA2B53F73A00DD52B3 /* Project object */ = {
			isa = PBXProject;
			attributes = {
				BuildIndependentTargetsInParallel = 1;
				LastUpgradeCheck = 1620;
				TargetAttributes = {
					38350BF12B53F73A00DD52B3 = {
						CreatedOnToolsVersion = 15.2;
					};
				};
			};
			buildConfigurationList = 38350BED2B53F73A00DD52B3 /* Build configuration list for PBXProject "dylib_dobby_hook" */;
			compatibilityVersion = "Xcode 14.0";
			developmentRegion = en;
			hasScannedForEncodings = 0;
			knownRegions = (
				en,
				Base,
			);
			mainGroup = 38350BE92B53F73A00DD52B3;
			productRefGroup = 38350BF32B53F73A00DD52B3 /* Products */;
			projectDirPath = "";
			projectRoot = "";
			targets = (
				38350BF12B53F73A00DD52B3 /* dylib_dobby_hook_mac */,
				B5105EF12E6B1D7400333727 /* dylib_dobby_hook_ios */,
			);
		};
/* End PBXProject section */

/* Begin PBXShellScriptBuildPhase section */
		38350C052B53F90300DD52B3 /* Run Script */ = {
			isa = PBXShellScriptBuildPhase;
			alwaysOutOfDate = 1;
			buildActionMask = 2147483647;
			files = (
			);
			inputFileListPaths = (
			);
			inputPaths = (
			);
			name = "Run Script";
			outputFileListPaths = (
			);
			outputPaths = (
			);
			runOnlyForDeploymentPostprocessing = 0;
			shellPath = /bin/sh;
			shellScript = "RELEASE_DIR=\"${PROJECT_DIR}/release\"\ncp -f \"${BUILT_PRODUCTS_DIR}/libdylib_dobby_hook.dylib\" \"$RELEASE_DIR/\"\necho \"✅ Copied ${BUILT_PRODUCTS_DIR}/libdylib_dobby_hook.dylib to $RELEASE_DIR/\"\n";
		};
		B5105F422E6B1D7400333727 /* Run Script */ = {
			isa = PBXShellScriptBuildPhase;
			alwaysOutOfDate = 1;
			buildActionMask = 2147483647;
			files = (
			);
			inputFileListPaths = (
			);
			inputPaths = (
			);
			name = "Run Script";
			outputFileListPaths = (
			);
			outputPaths = (
			);
			runOnlyForDeploymentPostprocessing = 0;
			shellPath = /bin/sh;
			shellScript = "RELEASE_DIR=\"${PROJECT_DIR}/release\"\ncp -f \"${BUILT_PRODUCTS_DIR}/libdylib_dobby_hook.dylib\" \"$RELEASE_DIR/\"\necho \"✅ Copied ${BUILT_PRODUCTS_DIR}/libdylib_dobby_hook.dylib to $RELEASE_DIR/\"\n";
		};
/* End PBXShellScriptBuildPhase section */

/* Begin PBXSourcesBuildPhase section */
		38350BEF2B53F73A00DD52B3 /* Sources */ = {
			isa = PBXSourcesBuildPhase;
			buildActionMask = 2147483647;
			files = (
				B57F20102C5DD70700C87201 /* MockCKDatabase.m in Sources */,
				2847DC932E0E792000D72519 /* DeskWidgetHack.m in Sources */,
				B5ABA1512DB21A5100EE97A0 /* CleanMyMacAgentHack.m in Sources */,
				B50E935E2BBD024F0073FEAA /* PaddleBaseHack.m in Sources */,
				B5B89BCD2C5DD4AB00F61EB0 /* MockCKContainer.m in Sources */,
				B5D2ED3F2BC0252D0030CBCA /* DevHack.m in Sources */,
				B5A7D3112C548BAB003D4C7F /* HackProtocolDefault.m in Sources */,
				B546A6582BC4F0CD0012338D /* ProxyManHack.m in Sources */,
				2853DEDB2E17A41F0045A97A /* SenPlayerHack.m in Sources */,
				B58160172BE88569001DDB9B /* EncryptionUtils.m in Sources */,
				B5A7D3142C549130003D4C7F /* ForkLiftHelperHack.m in Sources */,
				38350BF82B53F73A00DD52B3 /* dylib_dobby_hook.m in Sources */,
				B5A7D3172C5491A0003D4C7F /* HackHelperProtocolDefault.m in Sources */,
				B53F9DED2C4AA4EC00A6B32D /* CleanShotXHack.m in Sources */,
				B5EC63D82CBD39C700D92EEC /* AlfredHack.m in Sources */,
				9C99D64B2CB6CEF100B8A6D7 /* iStat7Hack.m in Sources */,
				B5369DCE2CC4C1D200A81211 /* irvueHack.m in Sources */,
				382A25862B6918DF0083F28C /* PasteHack.m in Sources */,
				B554D7BC2B63F2A300B7EFEA /* DevUtilsHack.m in Sources */,
				B5D0C0BB2C4B553500881398 /* ForkLiftHack.m in Sources */,
				B5F06B1D2BEF591E0079E68D /* InfuseHack.m in Sources */,
				B5EAA9E22C8C3FC3008C4089 /* URLSessionHook.m in Sources */,
				B513ADD92CB95D4100F5DC97 /* LocalizationManager.m in Sources */,
				B52BBA842CBFE1CE00F098A9 /* AirBuddyHack.m in Sources */,
				08869D0F2E1AF15900B079A0 /* NotchNook.m in Sources */,
				B55407272B653DCB005C08E6 /* NavicatPremiumHack.m in Sources */,
				3816BBB92B54FF090051CF39 /* MemoryUtils.m in Sources */,
				38B83E312B5505B300919735 /* TablePlusHack.m in Sources */,
				9CE4C5CE2CCA7AC400593C78 /* ShottrHack.m in Sources */,
				B5369DD02CC4C1DF00A81211 /* VidhubHack.m in Sources */,
				B5938B222DA7E45300FA82B0 /* ishotHack.m in Sources */,
				2853DED92E17A39E0045A97A /* LiveWallpaperHack.m in Sources */,
				B59D6A2C2E503F010004D71D /* MockUbiquitousKeyValueStore.m in Sources */,
				38E2ECD32DC48DCA00D76D10 /* ProxymanHelperHack.m in Sources */,
				9CE4C5D12CCA7C3600593C78 /* JSONUtils.m in Sources */,
				B5938B242DA7E5D100FA82B0 /* BoltAIHack.m in Sources */,
				B552CA382C54AC450095C9B9 /* CommonRetOC.m in Sources */,
				B5FECEAE2BC4FC29008916D6 /* common_ret.m in Sources */,
				38D1AC2A2B54CA4D00E6CB9E /* Constant.m in Sources */,
				B5FD0D732DB20D1100989564 /* CleanMyMacHack.m in Sources */,
				B5FE3B862BA2A571001AE437 /* TransmitHack.m in Sources */,
				B5732BF12C82CD5900EC9E11 /* IDAHack.m in Sources */,
				B575843B2E0D69AA001F7C9E /* MockKeychain.m in Sources */,
			);
			runOnlyForDeploymentPostprocessing = 0;
		};
		B5105F052E6B1D7400333727 /* Sources */ = {
			isa = PBXSourcesBuildPhase;
			buildActionMask = 2147483647;
			files = (
				B5105F592E6B28E000333727 /* HackHelperProtocolDefault.m in Sources */,
				B5105F5A2E6B28E000333727 /* HackProtocolDefault.m in Sources */,
				B5105F062E6B1D7400333727 /* MockCKDatabase.m in Sources */,
				B5105F0A2E6B1D7400333727 /* MockCKContainer.m in Sources */,
				B5105F0F2E6B1D7400333727 /* EncryptionUtils.m in Sources */,
				B5105F132E6B1D7400333727 /* dylib_dobby_hook.m in Sources */,
				B5105F202E6B1D7400333727 /* URLSessionHook.m in Sources */,
				B5105F242E6B1D7400333727 /* LocalizationManager.m in Sources */,
				B5105F2A2E6B1D7400333727 /* MemoryUtils.m in Sources */,
				B5105F302E6B1D7400333727 /* MockUbiquitousKeyValueStore.m in Sources */,
				B5105F5F2E6B298500333727 /* DevHack.m in Sources */,
				B5105F332E6B1D7400333727 /* JSONUtils.m in Sources */,
				B5105F362E6B1D7400333727 /* CommonRetOC.m in Sources */,
				B5105F372E6B1D7400333727 /* common_ret.m in Sources */,
				B5105F382E6B1D7400333727 /* Constant.m in Sources */,
				B5105F3E2E6B1D7400333727 /* MockKeychain.m in Sources */,
			);
			runOnlyForDeploymentPostprocessing = 0;
		};
/* End PBXSourcesBuildPhase section */

/* Begin XCBuildConfiguration section */
		38350BF92B53F73A00DD52B3 /* Debug */ = {
			isa = XCBuildConfiguration;
			buildSettings = {
				ALWAYS_SEARCH_USER_PATHS = NO;
				ASSETCATALOG_COMPILER_GENERATE_SWIFT_ASSET_SYMBOL_EXTENSIONS = YES;
				CLANG_ANALYZER_NONNULL = YES;
				CLANG_ANALYZER_NUMBER_OBJECT_CONVERSION = YES_AGGRESSIVE;
				CLANG_CXX_LANGUAGE_STANDARD = "gnu++20";
				CLANG_ENABLE_MODULES = YES;
				CLANG_ENABLE_OBJC_ARC = YES;
				CLANG_ENABLE_OBJC_WEAK = YES;
				CLANG_WARN_BLOCK_CAPTURE_AUTORELEASING = YES;
				CLANG_WARN_BOOL_CONVERSION = YES;
				CLANG_WARN_COMMA = YES;
				CLANG_WARN_CONSTANT_CONVERSION = YES;
				CLANG_WARN_DEPRECATED_OBJC_IMPLEMENTATIONS = YES;
				CLANG_WARN_DIRECT_OBJC_ISA_USAGE = YES_ERROR;
				CLANG_WARN_DOCUMENTATION_COMMENTS = YES;
				CLANG_WARN_EMPTY_BODY = YES;
				CLANG_WARN_ENUM_CONVERSION = YES;
				CLANG_WARN_INFINITE_RECURSION = YES;
				CLANG_WARN_INT_CONVERSION = YES;
				CLANG_WARN_NON_LITERAL_NULL_CONVERSION = YES;
				CLANG_WARN_OBJC_IMPLICIT_RETAIN_SELF = YES;
				CLANG_WARN_OBJC_LITERAL_CONVERSION = YES;
				CLANG_WARN_OBJC_ROOT_CLASS = YES_ERROR;
				CLANG_WARN_QUOTED_INCLUDE_IN_FRAMEWORK_HEADER = YES;
				CLANG_WARN_RANGE_LOOP_ANALYSIS = YES;
				CLANG_WARN_STRICT_PROTOTYPES = YES;
				CLANG_WARN_SUSPICIOUS_MOVE = YES;
				CLANG_WARN_UNGUARDED_AVAILABILITY = YES_AGGRESSIVE;
				CLANG_WARN_UNREACHABLE_CODE = YES;
				CLANG_WARN__DUPLICATE_METHOD_MATCH = YES;
				COPY_PHASE_STRIP = NO;
				DEAD_CODE_STRIPPING = YES;
				DEBUG_INFORMATION_FORMAT = dwarf;
				ENABLE_STRICT_OBJC_MSGSEND = YES;
				ENABLE_TESTABILITY = YES;
				ENABLE_USER_SCRIPT_SANDBOXING = NO;
				GCC_C_LANGUAGE_STANDARD = gnu17;
				GCC_DYNAMIC_NO_PIC = NO;
				GCC_NO_COMMON_BLOCKS = YES;
				GCC_OPTIMIZATION_LEVEL = 0;
				GCC_PREPROCESSOR_DEFINITIONS = (
					"DEBUG=1",
					"$(inherited)",
				);
				GCC_WARN_64_TO_32_BIT_CONVERSION = YES;
				GCC_WARN_ABOUT_RETURN_TYPE = YES_ERROR;
				GCC_WARN_UNDECLARED_SELECTOR = YES;
				GCC_WARN_UNINITIALIZED_AUTOS = YES_AGGRESSIVE;
				GCC_WARN_UNUSED_FUNCTION = YES;
				GCC_WARN_UNUSED_VARIABLE = YES;
				"LD_RUNPATH_SEARCH_PATHS[arch=*]" = "";
				LOCALIZATION_PREFERS_STRING_CATALOGS = YES;
				MACOSX_DEPLOYMENT_TARGET = 14.2;
				MTL_ENABLE_DEBUG_INFO = INCLUDE_SOURCE;
				MTL_FAST_MATH = YES;
				ONLY_ACTIVE_ARCH = YES;
				SDKROOT = macosx;
			};
			name = Debug;
		};
		38350BFA2B53F73A00DD52B3 /* Release */ = {
			isa = XCBuildConfiguration;
			buildSettings = {
				ALWAYS_SEARCH_USER_PATHS = NO;
				ASSETCATALOG_COMPILER_GENERATE_SWIFT_ASSET_SYMBOL_EXTENSIONS = YES;
				CLANG_ANALYZER_NONNULL = YES;
				CLANG_ANALYZER_NUMBER_OBJECT_CONVERSION = YES_AGGRESSIVE;
				CLANG_CXX_LANGUAGE_STANDARD = "gnu++20";
				CLANG_ENABLE_MODULES = YES;
				CLANG_ENABLE_OBJC_ARC = YES;
				CLANG_ENABLE_OBJC_WEAK = YES;
				CLANG_WARN_BLOCK_CAPTURE_AUTORELEASING = YES;
				CLANG_WARN_BOOL_CONVERSION = YES;
				CLANG_WARN_COMMA = YES;
				CLANG_WARN_CONSTANT_CONVERSION = YES;
				CLANG_WARN_DEPRECATED_OBJC_IMPLEMENTATIONS = YES;
				CLANG_WARN_DIRECT_OBJC_ISA_USAGE = YES_ERROR;
				CLANG_WARN_DOCUMENTATION_COMMENTS = YES;
				CLANG_WARN_EMPTY_BODY = YES;
				CLANG_WARN_ENUM_CONVERSION = YES;
				CLANG_WARN_INFINITE_RECURSION = YES;
				CLANG_WARN_INT_CONVERSION = YES;
				CLANG_WARN_NON_LITERAL_NULL_CONVERSION = YES;
				CLANG_WARN_OBJC_IMPLICIT_RETAIN_SELF = YES;
				CLANG_WARN_OBJC_LITERAL_CONVERSION = YES;
				CLANG_WARN_OBJC_ROOT_CLASS = YES_ERROR;
				CLANG_WARN_QUOTED_INCLUDE_IN_FRAMEWORK_HEADER = YES;
				CLANG_WARN_RANGE_LOOP_ANALYSIS = YES;
				CLANG_WARN_STRICT_PROTOTYPES = YES;
				CLANG_WARN_SUSPICIOUS_MOVE = YES;
				CLANG_WARN_UNGUARDED_AVAILABILITY = YES_AGGRESSIVE;
				CLANG_WARN_UNREACHABLE_CODE = YES;
				CLANG_WARN__DUPLICATE_METHOD_MATCH = YES;
				COPY_PHASE_STRIP = NO;
				DEAD_CODE_STRIPPING = YES;
				DEBUG_INFORMATION_FORMAT = "dwarf-with-dsym";
				ENABLE_NS_ASSERTIONS = NO;
				ENABLE_STRICT_OBJC_MSGSEND = YES;
				ENABLE_USER_SCRIPT_SANDBOXING = NO;
				GCC_C_LANGUAGE_STANDARD = gnu17;
				GCC_NO_COMMON_BLOCKS = YES;
				GCC_OPTIMIZATION_LEVEL = 0;
				GCC_WARN_64_TO_32_BIT_CONVERSION = YES;
				GCC_WARN_ABOUT_RETURN_TYPE = YES_ERROR;
				GCC_WARN_UNDECLARED_SELECTOR = YES;
				GCC_WARN_UNINITIALIZED_AUTOS = YES_AGGRESSIVE;
				GCC_WARN_UNUSED_FUNCTION = YES;
				GCC_WARN_UNUSED_VARIABLE = YES;
				LOCALIZATION_PREFERS_STRING_CATALOGS = YES;
				MACOSX_DEPLOYMENT_TARGET = 14.2;
				MTL_ENABLE_DEBUG_INFO = NO;
				MTL_FAST_MATH = YES;
				SDKROOT = macosx;
			};
			name = Release;
		};
		38350BFC2B53F73A00DD52B3 /* Debug */ = {
			isa = XCBuildConfiguration;
			buildSettings = {
				CODE_SIGN_STYLE = Automatic;
				DEAD_CODE_STRIPPING = YES;
				DYLIB_COMPATIBILITY_VERSION = 1;
				DYLIB_CURRENT_VERSION = 1;
				ENABLE_USER_SCRIPT_SANDBOXING = NO;
				EXECUTABLE_PREFIX = lib;
				"LD_RUNPATH_SEARCH_PATHS[arch=*]" = "@executable_path/";
				LIBRARY_SEARCH_PATHS = (
					"$(inherited)",
					"$(PROJECT_DIR)/libs",
					"$(PROJECT_DIR)/libs/mac",
				);
				MACOSX_DEPLOYMENT_TARGET = 14.6;
				ONLY_ACTIVE_ARCH = NO;
				PRODUCT_NAME = "$(PROJECT_NAME)";
				SKIP_INSTALL = YES;
			};
			name = Debug;
		};
		38350BFD2B53F73A00DD52B3 /* Release */ = {
			isa = XCBuildConfiguration;
			buildSettings = {
				CODE_SIGN_STYLE = Automatic;
				DEAD_CODE_STRIPPING = YES;
				DYLIB_COMPATIBILITY_VERSION = 1;
				DYLIB_CURRENT_VERSION = 1;
				ENABLE_USER_SCRIPT_SANDBOXING = NO;
				EXECUTABLE_PREFIX = lib;
				"LD_RUNPATH_SEARCH_PATHS[arch=*]" = "@executable_path/";
				LIBRARY_SEARCH_PATHS = (
					"$(inherited)",
					"$(PROJECT_DIR)/libs",
					"$(PROJECT_DIR)/libs/mac",
				);
				MACOSX_DEPLOYMENT_TARGET = 14.6;
				ONLY_ACTIVE_ARCH = NO;
				PRODUCT_NAME = "$(PROJECT_NAME)";
				SKIP_INSTALL = YES;
			};
			name = Release;
		};
		B5105F442E6B1D7400333727 /* Debug */ = {
			isa = XCBuildConfiguration;
			buildSettings = {
				CODE_SIGN_STYLE = Automatic;
				DEAD_CODE_STRIPPING = YES;
				DEVELOPMENT_TEAM = PF34J7Z7XR;
				DYLIB_COMPATIBILITY_VERSION = 1;
				DYLIB_CURRENT_VERSION = 1;
				ENABLE_USER_SCRIPT_SANDBOXING = NO;
				EXECUTABLE_PREFIX = lib;
				"LD_RUNPATH_SEARCH_PATHS[arch=*]" = "@executable_path/";
				LIBRARY_SEARCH_PATHS = (
					"$(inherited)",
					"$(PROJECT_DIR)/libs",
					"$(PROJECT_DIR)/libs/ios",
					"$(PROJECT_DIR)/libs/mac",
				);
				MACOSX_DEPLOYMENT_TARGET = 14.6;
				ONLY_ACTIVE_ARCH = NO;
				PRODUCT_NAME = "$(PROJECT_NAME)";
				SDKROOT = iphoneos;
				SKIP_INSTALL = YES;
				SUPPORTED_PLATFORMS = "iphoneos iphonesimulator";
				SUPPORTS_MACCATALYST = NO;
				TARGETED_DEVICE_FAMILY = 1;
			};
			name = Debug;
		};
		B5105F452E6B1D7400333727 /* Release */ = {
			isa = XCBuildConfiguration;
			buildSettings = {
				CODE_SIGN_STYLE = Automatic;
				DEAD_CODE_STRIPPING = YES;
				DEVELOPMENT_TEAM = PF34J7Z7XR;
				DYLIB_COMPATIBILITY_VERSION = 1;
				DYLIB_CURRENT_VERSION = 1;
				ENABLE_USER_SCRIPT_SANDBOXING = NO;
				EXECUTABLE_PREFIX = lib;
				"LD_RUNPATH_SEARCH_PATHS[arch=*]" = "@executable_path/";
				LIBRARY_SEARCH_PATHS = (
					"$(inherited)",
					"$(PROJECT_DIR)/libs",
					"$(PROJECT_DIR)/libs/ios",
					"$(PROJECT_DIR)/libs/mac",
				);
				MACOSX_DEPLOYMENT_TARGET = 14.6;
				ONLY_ACTIVE_ARCH = NO;
				PRODUCT_NAME = "$(PROJECT_NAME)";
				SDKROOT = iphoneos;
				SKIP_INSTALL = YES;
				SUPPORTED_PLATFORMS = "iphoneos iphonesimulator";
				SUPPORTS_MACCATALYST = NO;
				TARGETED_DEVICE_FAMILY = 1;
			};
			name = Release;
		};
/* End XCBuildConfiguration section */

/* Begin XCConfigurationList section */
		38350BED2B53F73A00DD52B3 /* Build configuration list for PBXProject "dylib_dobby_hook" */ = {
			isa = XCConfigurationList;
			buildConfigurations = (
				38350BF92B53F73A00DD52B3 /* Debug */,
				38350BFA2B53F73A00DD52B3 /* Release */,
			);
			defaultConfigurationIsVisible = 0;
			defaultConfigurationName = Release;
		};
		38350BFB2B53F73A00DD52B3 /* Build configuration list for PBXNativeTarget "dylib_dobby_hook_mac" */ = {
			isa = XCConfigurationList;
			buildConfigurations = (
				38350BFC2B53F73A00DD52B3 /* Debug */,
				38350BFD2B53F73A00DD52B3 /* Release */,
			);
			defaultConfigurationIsVisible = 0;
			defaultConfigurationName = Release;
		};
		B5105F432E6B1D7400333727 /* Build configuration list for PBXNativeTarget "dylib_dobby_hook_ios" */ = {
			isa = XCConfigurationList;
			buildConfigurations = (
				B5105F442E6B1D7400333727 /* Debug */,
				B5105F452E6B1D7400333727 /* Release */,
			);
			defaultConfigurationIsVisible = 0;
			defaultConfigurationName = Release;
		};
/* End XCConfigurationList section */
	};
	rootObject = 38350BEA2B53F73A00DD52B3 /* Project object */;
}
